// !$*UTF8*$!
{
	archiveVersion = 1;
	classes = {
	};
	objectVersion = 46;
	objects = {

/* Begin PBXBuildFile section */
		0C5C11E982B01D1209811B20 /* LibreLoop.framework in Frameworks */ = {isa = PBXBuildFile; fileRef = D6F337187354AD84B57977DD /* LibreLoop.framework */; };
		0D9D6642EC02413176624698 /* LibreLoopCGMManager+Observers.swift in Sources */ = {isa = PBXBuildFile; fileRef = 03B776AA72CC4BE3F03EB32D /* LibreLoopCGMManager+Observers.swift */; };
		1180C87AF54B510ABC3E6B01 /* LibreLoop.framework in Frameworks */ = {isa = PBXBuildFile; fileRef = D6F337187354AD84B57977DD /* LibreLoop.framework */; };
		119D17BD1445B1A7930137BD /* LibreLoopSensorMonitor.swift in Sources */ = {isa = PBXBuildFile; fileRef = CCE845794A654AA817748359 /* LibreLoopSensorMonitor.swift */; };
		2626B4C1CAA31E0800353D0A /* LibreLoopPairingProgressView.swift in Sources */ = {isa = PBXBuildFile; fileRef = E43996F701BA8B5850C004E1 /* LibreLoopPairingProgressView.swift */; };
		2CADFFB19D7D56775AAC5D6E /* LibreLoopCGMManagerStateTests.swift in Sources */ = {isa = PBXBuildFile; fileRef = E252C62111AA5B14A5D88CB2 /* LibreLoopCGMManagerStateTests.swift */; };
		3D8DC31D6FD0D09E43A6D0CD /* LibreLoopUI.framework in Embed Frameworks */ = {isa = PBXBuildFile; fileRef = 3E9EC48901FFDE7BCD6CDCE9 /* LibreLoopUI.framework */; settings = {ATTRIBUTES = (CodeSignOnCopy, RemoveHeadersOnCopy, ); }; };
		3E7F7A63465756C1D37129F0 /* Foundation.framework in Frameworks */ = {isa = PBXBuildFile; fileRef = A7D07F60FE65E64F39A8E0ED /* Foundation.framework */; };
		4025967DF373556C5ABDD950 /* LibreLoopCGMManagerState.swift in Sources */ = {isa = PBXBuildFile; fileRef = 59A03C190722839E0FCF34E8 /* LibreLoopCGMManagerState.swift */; };
		440E209AB1921AE9C6406B91 /* LoopKit.framework in Frameworks */ = {isa = PBXBuildFile; fileRef = 88D93E704CA5D8039FD30474 /* LoopKit.framework */; };
		59335144E245EF416CB7A557 /* LoopKit.framework in Frameworks */ = {isa = PBXBuildFile; fileRef = 88D93E704CA5D8039FD30474 /* LoopKit.framework */; };
		5B5732B7C42D0BE08733B049 /* LibreLoopScanHelpPagerView.swift in Sources */ = {isa = PBXBuildFile; fileRef = C69EC93F0B8AD126CA2106FF /* LibreLoopScanHelpPagerView.swift */; };
		5CBBFD51F4D8B6633D9B720E /* LoopKitUI.framework in Frameworks */ = {isa = PBXBuildFile; fileRef = 0DC3DE02AC91B7434469ED51 /* LoopKitUI.framework */; };
		5E5B0E29958B891E502CED1D /* LibreLoopScanSensorView.swift in Sources */ = {isa = PBXBuildFile; fileRef = E3F88CBBA8B5EBCB066ADE63 /* LibreLoopScanSensorView.swift */; };
		66B97565FCEF21937213AB89 /* Foundation.framework in Frameworks */ = {isa = PBXBuildFile; fileRef = A7D07F60FE65E64F39A8E0ED /* Foundation.framework */; };
		688B785969B2C07A5673BAFF /* LibreLoopKeychain.swift in Sources */ = {isa = PBXBuildFile; fileRef = 5561E8DE4D6F62DDF4A42E16 /* LibreLoopKeychain.swift */; };
		6AFB464E93DD1F41A3FB6BBB /* LibreLoopUI.framework in Frameworks */ = {isa = PBXBuildFile; fileRef = 3E9EC48901FFDE7BCD6CDCE9 /* LibreLoopUI.framework */; };
		739A2DFB410BE152F2CE8A96 /* LibreCRKit_LibreCRKit.bundle in Resources */ = {isa = PBXBuildFile; fileRef = 53E10E90E560B9A9B3FB79F1 /* LibreCRKit_LibreCRKit.bundle */; };
		74214F755A9BBF3152BA1268 /* LibreLoop.framework in Embed Frameworks */ = {isa = PBXBuildFile; fileRef = D6F337187354AD84B57977DD /* LibreLoop.framework */; settings = {ATTRIBUTES = (CodeSignOnCopy, RemoveHeadersOnCopy, ); }; };
		7FB7140169C8C9D9A2DBE38D /* LibreLoopApplyHelpPagerView.swift in Sources */ = {isa = PBXBuildFile; fileRef = D767B7B0CA1A058E269FB49E /* LibreLoopApplyHelpPagerView.swift */; };
		828CCC9CAC2115E7798EA1F5 /* LibreLoopSettingsView.swift in Sources */ = {isa = PBXBuildFile; fileRef = 3BA14BC041554A44DE3A34EA /* LibreLoopSettingsView.swift */; };
		899CF4B0E6D134AD773EDC79 /* Foundation.framework in Frameworks */ = {isa = PBXBuildFile; fileRef = A7D07F60FE65E64F39A8E0ED /* Foundation.framework */; };
		93795EA5C3E3A733EDA14A3E /* LibreLoopApplySensorView.swift in Sources */ = {isa = PBXBuildFile; fileRef = 6BA859757F2E383689ECCC37 /* LibreLoopApplySensorView.swift */; };
		95122893013B32CEB35A4721 /* LibreLoopCGMManager+UI.swift in Sources */ = {isa = PBXBuildFile; fileRef = B167E8D5904850C683EEA37E /* LibreLoopCGMManager+UI.swift */; };
		9EC05D7D084306E98E2DD805 /* LibreLoopCGMManager+Pairing.swift in Sources */ = {isa = PBXBuildFile; fileRef = 2C8E59732E9E557066E83909 /* LibreLoopCGMManager+Pairing.swift */; };
		A4D20527263D08BA718BEDB5 /* LibreLoopPairingViewModel.swift in Sources */ = {isa = PBXBuildFile; fileRef = F88D665A07CC09C6372AB084 /* LibreLoopPairingViewModel.swift */; };
		B6FB39A960CC7934BFFB7A30 /* LibreLoopCGMManager.swift in Sources */ = {isa = PBXBuildFile; fileRef = E5A8F8B89E2C9B67A7510FF9 /* LibreLoopCGMManager.swift */; };
		B79C14E8029C9CE8B699D54C /* phone_cert_162b.bin in Resources */ = {isa = PBXBuildFile; fileRef = F3F905EE42D7B134E8F0CE68 /* phone_cert_162b.bin */; };
		BF3C66719B70EFEE0FC0F7F1 /* LibreLoopLifecycleBar.swift in Sources */ = {isa = PBXBuildFile; fileRef = 12C842809A61D26673DB4DEB /* LibreLoopLifecycleBar.swift */; };
		C7F56EE14A528F0374167695 /* LibreCRKit in Frameworks */ = {isa = PBXBuildFile; productRef = 77859E89400CDCC13F49E174 /* LibreCRKit */; };
		CBEFB83913E4730E4BCCE1A8 /* LibreLoopPairingService.swift in Sources */ = {isa = PBXBuildFile; fileRef = 599EC1341AD6A7AA3880BDA4 /* LibreLoopPairingService.swift */; };
		CD3572436D448D191B463555 /* LibreLoopGlucoseSample.swift in Sources */ = {isa = PBXBuildFile; fileRef = 1AA3657645321BC9DB038EB5 /* LibreLoopGlucoseSample.swift */; };
		D2B55573EAA60A1048FB1C0D /* LibreLoopUICoordinator.swift in Sources */ = {isa = PBXBuildFile; fileRef = 9830D9AF13439A6045C51D07 /* LibreLoopUICoordinator.swift */; };
		D50C9C609A05A5FCE7CEB7B1 /* LibreLoopRecoveryView.swift in Sources */ = {isa = PBXBuildFile; fileRef = 1416E24E106E7DCFF4955D7E /* LibreLoopRecoveryView.swift */; };
		D72BA15A973340232AD494C4 /* LibreLoopFileLogger.swift in Sources */ = {isa = PBXBuildFile; fileRef = 4F24B9B8F52549F740E0CA10 /* LibreLoopFileLogger.swift */; };
		D7712FB18A17E2D0CC4B5615 /* LibreLoop.framework in Frameworks */ = {isa = PBXBuildFile; fileRef = D6F337187354AD84B57977DD /* LibreLoop.framework */; };
		DFFC4876F5A44C3350E536B5 /* Foundation.framework in Frameworks */ = {isa = PBXBuildFile; fileRef = A7D07F60FE65E64F39A8E0ED /* Foundation.framework */; };
		E04FE22C43CACBAE8ED5071D /* LoopKitUI.framework in Frameworks */ = {isa = PBXBuildFile; fileRef = 0DC3DE02AC91B7434469ED51 /* LoopKitUI.framework */; };
		ED052A2785122A674EDB055B /* LibreLoopPlugin.swift in Sources */ = {isa = PBXBuildFile; fileRef = AD2D94403178E6D52D8ADFA4 /* LibreLoopPlugin.swift */; };
		FCF3F91298C3FDCC2CE2AAAA /* LibreLoopSensorLifecycle.swift in Sources */ = {isa = PBXBuildFile; fileRef = 183D61E2B42FA07AE00AEC88 /* LibreLoopSensorLifecycle.swift */; };
		FE24586E2EDBBD25ECD23D39 /* HKUnit.swift in Sources */ = {isa = PBXBuildFile; fileRef = ED3EAC4D87BE4EDAB85ED93C /* HKUnit.swift */; };
		FFD53D0D0371298D4B48B5A0 /* LoopKit.framework in Frameworks */ = {isa = PBXBuildFile; fileRef = 88D93E704CA5D8039FD30474 /* LoopKit.framework */; };
/* End PBXBuildFile section */

/* Begin PBXContainerItemProxy section */
		359A418EC119F03990FFF0B0 /* PBXContainerItemProxy */ = {
			isa = PBXContainerItemProxy;
			containerPortal = E9464FBE7194B52B74CC89A1 /* Project object */;
			proxyType = 1;
			remoteGlobalIDString = 001DDFA155E5FDEFF6CAE9D3;
			remoteInfo = LibreLoopUI;
		};
		3AC7198F512CBAEDBB566276 /* PBXContainerItemProxy */ = {
			isa = PBXContainerItemProxy;
			containerPortal = E9464FBE7194B52B74CC89A1 /* Project object */;
			proxyType = 1;
			remoteGlobalIDString = D7B6234D99FE587C7F8C9EB2;
			remoteInfo = LibreLoop;
		};
		575981F590371C2361FC2239 /* PBXContainerItemProxy */ = {
			isa = PBXContainerItemProxy;
			containerPortal = E9464FBE7194B52B74CC89A1 /* Project object */;
			proxyType = 1;
			remoteGlobalIDString = D7B6234D99FE587C7F8C9EB2;
			remoteInfo = LibreLoop;
		};
		866F26D3DDFD1C999F9DDEAF /* PBXContainerItemProxy */ = {
			isa = PBXContainerItemProxy;
			containerPortal = E9464FBE7194B52B74CC89A1 /* Project object */;
			proxyType = 1;
			remoteGlobalIDString = D7B6234D99FE587C7F8C9EB2;
			remoteInfo = LibreLoop;
		};
/* End PBXContainerItemProxy section */

/* Begin PBXCopyFilesBuildPhase section */
		F923326AC7EA18E097692A6E /* Embed Frameworks */ = {
			isa = PBXCopyFilesBuildPhase;
			buildActionMask = 2147483647;
			dstPath = "";
			dstSubfolderSpec = 10;
			files = (
				74214F755A9BBF3152BA1268 /* LibreLoop.framework in Embed Frameworks */,
				3D8DC31D6FD0D09E43A6D0CD /* LibreLoopUI.framework in Embed Frameworks */,
			);
			name = "Embed Frameworks";
			runOnlyForDeploymentPostprocessing = 0;
		};
/* End PBXCopyFilesBuildPhase section */

/* Begin PBXFileReference section */
		03B776AA72CC4BE3F03EB32D /* LibreLoopCGMManager+Observers.swift */ = {isa = PBXFileReference; includeInIndex = 1; lastKnownFileType = sourcecode.swift; path = "LibreLoopCGMManager+Observers.swift"; sourceTree = "<group>"; };
		0DC3DE02AC91B7434469ED51 /* LoopKitUI.framework */ = {isa = PBXFileReference; includeInIndex = 0; lastKnownFileType = wrapper.framework; path = LoopKitUI.framework; sourceTree = BUILT_PRODUCTS_DIR; };
		12C842809A61D26673DB4DEB /* LibreLoopLifecycleBar.swift */ = {isa = PBXFileReference; includeInIndex = 1; lastKnownFileType = sourcecode.swift; path = LibreLoopLifecycleBar.swift; sourceTree = "<group>"; };
		1416E24E106E7DCFF4955D7E /* LibreLoopRecoveryView.swift */ = {isa = PBXFileReference; includeInIndex = 1; lastKnownFileType = sourcecode.swift; path = LibreLoopRecoveryView.swift; sourceTree = "<group>"; };
		14771C3613F55375E3BC78F6 /* Info.plist */ = {isa = PBXFileReference; includeInIndex = 1; lastKnownFileType = text.plist.xml; path = Info.plist; sourceTree = "<group>"; };
		183D61E2B42FA07AE00AEC88 /* LibreLoopSensorLifecycle.swift */ = {isa = PBXFileReference; includeInIndex = 1; lastKnownFileType = sourcecode.swift; path = LibreLoopSensorLifecycle.swift; sourceTree = "<group>"; };
		1AA3657645321BC9DB038EB5 /* LibreLoopGlucoseSample.swift */ = {isa = PBXFileReference; includeInIndex = 1; lastKnownFileType = sourcecode.swift; path = LibreLoopGlucoseSample.swift; sourceTree = "<group>"; };
		2C8E59732E9E557066E83909 /* LibreLoopCGMManager+Pairing.swift */ = {isa = PBXFileReference; includeInIndex = 1; lastKnownFileType = sourcecode.swift; path = "LibreLoopCGMManager+Pairing.swift"; sourceTree = "<group>"; };
		3BA14BC041554A44DE3A34EA /* LibreLoopSettingsView.swift */ = {isa = PBXFileReference; includeInIndex = 1; lastKnownFileType = sourcecode.swift; path = LibreLoopSettingsView.swift; sourceTree = "<group>"; };
		3E9EC48901FFDE7BCD6CDCE9 /* LibreLoopUI.framework */ = {isa = PBXFileReference; explicitFileType = wrapper.framework; includeInIndex = 0; path = LibreLoopUI.framework; sourceTree = BUILT_PRODUCTS_DIR; };
		45083CD90AA5FDE86A62A518 /* LICENSE */ = {isa = PBXFileReference; includeInIndex = 1; path = LICENSE; sourceTree = "<group>"; };
		4F24B9B8F52549F740E0CA10 /* LibreLoopFileLogger.swift */ = {isa = PBXFileReference; includeInIndex = 1; lastKnownFileType = sourcecode.swift; path = LibreLoopFileLogger.swift; sourceTree = "<group>"; };
		524381F0160E130163EB397D /* XCTest.framework */ = {isa = PBXFileReference; lastKnownFileType = wrapper.framework; path = Platforms/iPhoneOS.platform/Developer/Library/Frameworks/XCTest.framework; sourceTree = DEVELOPER_DIR; };
		53E10E90E560B9A9B3FB79F1 /* LibreCRKit_LibreCRKit.bundle */ = {isa = PBXFileReference; includeInIndex = 0; lastKnownFileType = wrapper.cfbundle; path = LibreCRKit_LibreCRKit.bundle; sourceTree = BUILT_PRODUCTS_DIR; };
		5561E8DE4D6F62DDF4A42E16 /* LibreLoopKeychain.swift */ = {isa = PBXFileReference; includeInIndex = 1; lastKnownFileType = sourcecode.swift; path = LibreLoopKeychain.swift; sourceTree = "<group>"; };
		599EC1341AD6A7AA3880BDA4 /* LibreLoopPairingService.swift */ = {isa = PBXFileReference; includeInIndex = 1; lastKnownFileType = sourcecode.swift; path = LibreLoopPairingService.swift; sourceTree = "<group>"; };
		59A03C190722839E0FCF34E8 /* LibreLoopCGMManagerState.swift */ = {isa = PBXFileReference; includeInIndex = 1; lastKnownFileType = sourcecode.swift; path = LibreLoopCGMManagerState.swift; sourceTree = "<group>"; };
		6BA859757F2E383689ECCC37 /* LibreLoopApplySensorView.swift */ = {isa = PBXFileReference; includeInIndex = 1; lastKnownFileType = sourcecode.swift; path = LibreLoopApplySensorView.swift; sourceTree = "<group>"; };
		6D73506B757AFD2AE5911A95 /* README.md */ = {isa = PBXFileReference; includeInIndex = 1; path = README.md; sourceTree = "<group>"; };
		88D93E704CA5D8039FD30474 /* LoopKit.framework */ = {isa = PBXFileReference; includeInIndex = 0; lastKnownFileType = wrapper.framework; path = LoopKit.framework; sourceTree = BUILT_PRODUCTS_DIR; };
		9830D9AF13439A6045C51D07 /* LibreLoopUICoordinator.swift */ = {isa = PBXFileReference; includeInIndex = 1; lastKnownFileType = sourcecode.swift; path = LibreLoopUICoordinator.swift; sourceTree = "<group>"; };
		9F83C3C0201BC1B1DA5139E8 /* LibreLoopTests.xctest */ = {isa = PBXFileReference; explicitFileType = wrapper.cfbundle; includeInIndex = 0; path = LibreLoopTests.xctest; sourceTree = BUILT_PRODUCTS_DIR; };
		A7D07F60FE65E64F39A8E0ED /* Foundation.framework */ = {isa = PBXFileReference; lastKnownFileType = wrapper.framework; name = Foundation.framework; path = Platforms/iPhoneOS.platform/Developer/SDKs/iPhoneOS18.0.sdk/System/Library/Frameworks/Foundation.framework; sourceTree = DEVELOPER_DIR; };
		AD2D94403178E6D52D8ADFA4 /* LibreLoopPlugin.swift */ = {isa = PBXFileReference; includeInIndex = 1; lastKnownFileType = sourcecode.swift; path = LibreLoopPlugin.swift; sourceTree = "<group>"; };
		B167E8D5904850C683EEA37E /* LibreLoopCGMManager+UI.swift */ = {isa = PBXFileReference; includeInIndex = 1; lastKnownFileType = sourcecode.swift; path = "LibreLoopCGMManager+UI.swift"; sourceTree = "<group>"; };
		C69EC93F0B8AD126CA2106FF /* LibreLoopScanHelpPagerView.swift */ = {isa = PBXFileReference; includeInIndex = 1; lastKnownFileType = sourcecode.swift; path = LibreLoopScanHelpPagerView.swift; sourceTree = "<group>"; };
		CCE845794A654AA817748359 /* LibreLoopSensorMonitor.swift */ = {isa = PBXFileReference; includeInIndex = 1; lastKnownFileType = sourcecode.swift; path = LibreLoopSensorMonitor.swift; sourceTree = "<group>"; };
		D6F337187354AD84B57977DD /* LibreLoop.framework */ = {isa = PBXFileReference; explicitFileType = wrapper.framework; includeInIndex = 0; path = LibreLoop.framework; sourceTree = BUILT_PRODUCTS_DIR; };
		D767B7B0CA1A058E269FB49E /* LibreLoopApplyHelpPagerView.swift */ = {isa = PBXFileReference; includeInIndex = 1; lastKnownFileType = sourcecode.swift; path = LibreLoopApplyHelpPagerView.swift; sourceTree = "<group>"; };
		E252C62111AA5B14A5D88CB2 /* LibreLoopCGMManagerStateTests.swift */ = {isa = PBXFileReference; includeInIndex = 1; lastKnownFileType = sourcecode.swift; path = LibreLoopCGMManagerStateTests.swift; sourceTree = "<group>"; };
		E3F88CBBA8B5EBCB066ADE63 /* LibreLoopScanSensorView.swift */ = {isa = PBXFileReference; includeInIndex = 1; lastKnownFileType = sourcecode.swift; path = LibreLoopScanSensorView.swift; sourceTree = "<group>"; };
		E43996F701BA8B5850C004E1 /* LibreLoopPairingProgressView.swift */ = {isa = PBXFileReference; includeInIndex = 1; lastKnownFileType = sourcecode.swift; path = LibreLoopPairingProgressView.swift; sourceTree = "<group>"; };
		E5A8F8B89E2C9B67A7510FF9 /* LibreLoopCGMManager.swift */ = {isa = PBXFileReference; includeInIndex = 1; lastKnownFileType = sourcecode.swift; path = LibreLoopCGMManager.swift; sourceTree = "<group>"; };
		ED3EAC4D87BE4EDAB85ED93C /* HKUnit.swift */ = {isa = PBXFileReference; includeInIndex = 1; lastKnownFileType = sourcecode.swift; path = HKUnit.swift; sourceTree = "<group>"; };
		F3F905EE42D7B134E8F0CE68 /* phone_cert_162b.bin */ = {isa = PBXFileReference; includeInIndex = 1; path = phone_cert_162b.bin; sourceTree = "<group>"; };
		F88D665A07CC09C6372AB084 /* LibreLoopPairingViewModel.swift */ = {isa = PBXFileReference; includeInIndex = 1; lastKnownFileType = sourcecode.swift; path = LibreLoopPairingViewModel.swift; sourceTree = "<group>"; };
		F8C952D50024EB39D4A9F98F /* LibreLoopPlugin.framework */ = {isa = PBXFileReference; explicitFileType = wrapper.framework; includeInIndex = 0; path = LibreLoopPlugin.framework; sourceTree = BUILT_PRODUCTS_DIR; };
/* End PBXFileReference section */

/* Begin PBXFrameworksBuildPhase section */
		0B0677EE09041F42AE2B994F /* Frameworks */ = {
			isa = PBXFrameworksBuildPhase;
			buildActionMask = 2147483647;
			files = (
				3E7F7A63465756C1D37129F0 /* Foundation.framework in Frameworks */,
				1180C87AF54B510ABC3E6B01 /* LibreLoop.framework in Frameworks */,
				6AFB464E93DD1F41A3FB6BBB /* LibreLoopUI.framework in Frameworks */,
				440E209AB1921AE9C6406B91 /* LoopKit.framework in Frameworks */,
				5CBBFD51F4D8B6633D9B720E /* LoopKitUI.framework in Frameworks */,
			);
			runOnlyForDeploymentPostprocessing = 0;
		};
		49B5D384643363C1F26C094E /* Frameworks */ = {
			isa = PBXFrameworksBuildPhase;
			buildActionMask = 2147483647;
			files = (
				899CF4B0E6D134AD773EDC79 /* Foundation.framework in Frameworks */,
				59335144E245EF416CB7A557 /* LoopKit.framework in Frameworks */,
				C7F56EE14A528F0374167695 /* LibreCRKit in Frameworks */,
			);
			runOnlyForDeploymentPostprocessing = 0;
		};
		74243546A8F04C6A64CC215A /* Frameworks */ = {
			isa = PBXFrameworksBuildPhase;
			buildActionMask = 2147483647;
			files = (
				66B97565FCEF21937213AB89 /* Foundation.framework in Frameworks */,
				D7712FB18A17E2D0CC4B5615 /* LibreLoop.framework in Frameworks */,
				FFD53D0D0371298D4B48B5A0 /* LoopKit.framework in Frameworks */,
				E04FE22C43CACBAE8ED5071D /* LoopKitUI.framework in Frameworks */,
			);
			runOnlyForDeploymentPostprocessing = 0;
		};
		C67701E05177848F21CE95A0 /* Frameworks */ = {
			isa = PBXFrameworksBuildPhase;
			buildActionMask = 2147483647;
			files = (
				DFFC4876F5A44C3350E536B5 /* Foundation.framework in Frameworks */,
				0C5C11E982B01D1209811B20 /* LibreLoop.framework in Frameworks */,
			);
			runOnlyForDeploymentPostprocessing = 0;
		};
/* End PBXFrameworksBuildPhase section */

/* Begin PBXGroup section */
		07FCFEC8ACC9884AFE148FE8 /* LibreLoopCGMManager */ = {
			isa = PBXGroup;
			children = (
				03B776AA72CC4BE3F03EB32D /* LibreLoopCGMManager+Observers.swift */,
				E5A8F8B89E2C9B67A7510FF9 /* LibreLoopCGMManager.swift */,
				59A03C190722839E0FCF34E8 /* LibreLoopCGMManagerState.swift */,
			);
			name = LibreLoopCGMManager;
			path = LibreLoopCGMManager;
			sourceTree = "<group>";
		};
		11D03C0DA903AD5B1EA9CA33 /* Sensor */ = {
			isa = PBXGroup;
			children = (
				1AA3657645321BC9DB038EB5 /* LibreLoopGlucoseSample.swift */,
				183D61E2B42FA07AE00AEC88 /* LibreLoopSensorLifecycle.swift */,
				CCE845794A654AA817748359 /* LibreLoopSensorMonitor.swift */,
			);
			name = Sensor;
			path = Sensor;
			sourceTree = "<group>";
		};
		2327988862F2F292AF28D4B6 /* Common */ = {
			isa = PBXGroup;
			children = (
				ED3EAC4D87BE4EDAB85ED93C /* HKUnit.swift */,
				4F24B9B8F52549F740E0CA10 /* LibreLoopFileLogger.swift */,
			);
			name = Common;
			path = Common;
			sourceTree = "<group>";
		};
		27AC7D93C65F1E2D1C27D9B7 /* LibreLoopCGMManager */ = {
			isa = PBXGroup;
			children = (
				B167E8D5904850C683EEA37E /* LibreLoopCGMManager+UI.swift */,
				9830D9AF13439A6045C51D07 /* LibreLoopUICoordinator.swift */,
			);
			name = LibreLoopCGMManager;
			path = LibreLoopCGMManager;
			sourceTree = "<group>";
		};
		2A69F33C6A141AB1D083F167 = {
			isa = PBXGroup;
			children = (
				50EDCD985A333A24FBBC5574 /* Products */,
				654BCB7B8B7E08284439F536 /* Frameworks */,
				31A3873B0851D902EB5ED62B /* LibreLoop */,
				57723554E2892B78A3E2C0AB /* LibreLoopUI */,
				786B1F5866603EC5A59F9655 /* LibreLoopPlugin */,
				EB40BD7EFBE947B925D737FF /* LibreLoopTests */,
				45083CD90AA5FDE86A62A518 /* LICENSE */,
				6D73506B757AFD2AE5911A95 /* README.md */,
			);
			sourceTree = "<group>";
		};
		2B492AD3E2455E0D18132014 /* iOS */ = {
			isa = PBXGroup;
			children = (
				A7D07F60FE65E64F39A8E0ED /* Foundation.framework */,
			);
			name = iOS;
			sourceTree = "<group>";
		};
		31A3873B0851D902EB5ED62B /* LibreLoop */ = {
			isa = PBXGroup;
			children = (
				2327988862F2F292AF28D4B6 /* Common */,
				07FCFEC8ACC9884AFE148FE8 /* LibreLoopCGMManager */,
				7C1E1BE5FF5BA575625DBAA1 /* Pairing */,
				11D03C0DA903AD5B1EA9CA33 /* Sensor */,
				F5E1C39857D32E1CA38A8387 /* Resources */,
			);
			name = LibreLoop;
			path = LibreLoop;
			sourceTree = "<group>";
		};
		50EDCD985A333A24FBBC5574 /* Products */ = {
			isa = PBXGroup;
			children = (
				D6F337187354AD84B57977DD /* LibreLoop.framework */,
				3E9EC48901FFDE7BCD6CDCE9 /* LibreLoopUI.framework */,
				F8C952D50024EB39D4A9F98F /* LibreLoopPlugin.framework */,
				9F83C3C0201BC1B1DA5139E8 /* LibreLoopTests.xctest */,
			);
			name = Products;
			sourceTree = "<group>";
		};
		57723554E2892B78A3E2C0AB /* LibreLoopUI */ = {
			isa = PBXGroup;
			children = (
				27AC7D93C65F1E2D1C27D9B7 /* LibreLoopCGMManager */,
				B5650286C116B3CB4FDB3E87 /* Pairing */,
				7486BE584D74CCA89472649D /* Views */,
			);
			name = LibreLoopUI;
			path = LibreLoopUI;
			sourceTree = "<group>";
		};
		654BCB7B8B7E08284439F536 /* Frameworks */ = {
			isa = PBXGroup;
			children = (
				88D93E704CA5D8039FD30474 /* LoopKit.framework */,
				0DC3DE02AC91B7434469ED51 /* LoopKitUI.framework */,
				524381F0160E130163EB397D /* XCTest.framework */,
				2B492AD3E2455E0D18132014 /* iOS */,
				53E10E90E560B9A9B3FB79F1 /* LibreCRKit_LibreCRKit.bundle */,
			);
			name = Frameworks;
			sourceTree = "<group>";
		};
		7486BE584D74CCA89472649D /* Views */ = {
			isa = PBXGroup;
			children = (
				D767B7B0CA1A058E269FB49E /* LibreLoopApplyHelpPagerView.swift */,
				6BA859757F2E383689ECCC37 /* LibreLoopApplySensorView.swift */,
				12C842809A61D26673DB4DEB /* LibreLoopLifecycleBar.swift */,
				1416E24E106E7DCFF4955D7E /* LibreLoopRecoveryView.swift */,
				C69EC93F0B8AD126CA2106FF /* LibreLoopScanHelpPagerView.swift */,
				E3F88CBBA8B5EBCB066ADE63 /* LibreLoopScanSensorView.swift */,
				3BA14BC041554A44DE3A34EA /* LibreLoopSettingsView.swift */,
			);
			name = Views;
			path = Views;
			sourceTree = "<group>";
		};
		786B1F5866603EC5A59F9655 /* LibreLoopPlugin */ = {
			isa = PBXGroup;
			children = (
				AD2D94403178E6D52D8ADFA4 /* LibreLoopPlugin.swift */,
				14771C3613F55375E3BC78F6 /* Info.plist */,
			);
			name = LibreLoopPlugin;
			path = LibreLoopPlugin;
			sourceTree = "<group>";
		};
		7C1E1BE5FF5BA575625DBAA1 /* Pairing */ = {
			isa = PBXGroup;
			children = (
				2C8E59732E9E557066E83909 /* LibreLoopCGMManager+Pairing.swift */,
				5561E8DE4D6F62DDF4A42E16 /* LibreLoopKeychain.swift */,
				599EC1341AD6A7AA3880BDA4 /* LibreLoopPairingService.swift */,
			);
			name = Pairing;
			path = Pairing;
			sourceTree = "<group>";
		};
		B5650286C116B3CB4FDB3E87 /* Pairing */ = {
			isa = PBXGroup;
			children = (
				E43996F701BA8B5850C004E1 /* LibreLoopPairingProgressView.swift */,
				F88D665A07CC09C6372AB084 /* LibreLoopPairingViewModel.swift */,
			);
			name = Pairing;
			path = Pairing;
			sourceTree = "<group>";
		};
		EB40BD7EFBE947B925D737FF /* LibreLoopTests */ = {
			isa = PBXGroup;
			children = (
				E252C62111AA5B14A5D88CB2 /* LibreLoopCGMManagerStateTests.swift */,
			);
			name = LibreLoopTests;
			path = LibreLoopTests;
			sourceTree = "<group>";
		};
		F5E1C39857D32E1CA38A8387 /* Resources */ = {
			isa = PBXGroup;
			children = (
				F3F905EE42D7B134E8F0CE68 /* phone_cert_162b.bin */,
			);
			name = Resources;
			path = LibreLoop/Resources;
			sourceTree = SOURCE_ROOT;
		};
/* End PBXGroup section */

/* Begin PBXHeadersBuildPhase section */
		09193405796430C4230EDF7F /* Headers */ = {
			isa = PBXHeadersBuildPhase;
			buildActionMask = 2147483647;
			files = (
			);
			runOnlyForDeploymentPostprocessing = 0;
		};
		2597003CD8082640BC2428C5 /* Headers */ = {
			isa = PBXHeadersBuildPhase;
			buildActionMask = 2147483647;
			files = (
			);
			runOnlyForDeploymentPostprocessing = 0;
		};
		BB23859674741F7FF211D314 /* Headers */ = {
			isa = PBXHeadersBuildPhase;
			buildActionMask = 2147483647;
			files = (
			);
			runOnlyForDeploymentPostprocessing = 0;
		};
/* End PBXHeadersBuildPhase section */

/* Begin PBXNativeTarget section */
		001DDFA155E5FDEFF6CAE9D3 /* LibreLoopUI */ = {
			isa = PBXNativeTarget;
			buildConfigurationList = 6636C5DFDC25AB205BBE2EA7 /* Build configuration list for PBXNativeTarget "LibreLoopUI" */;
			buildPhases = (
				BB23859674741F7FF211D314 /* Headers */,
				53228B3E84CC9A5828283057 /* Sources */,
				74243546A8F04C6A64CC215A /* Frameworks */,
				9F021338EC00F02AD298E3BC /* Resources */,
			);
			buildRules = (
			);
			dependencies = (
				FED55273E80AFACE53E5D458 /* PBXTargetDependency */,
			);
			name = LibreLoopUI;
			productName = LibreLoopUI;
			productReference = 3E9EC48901FFDE7BCD6CDCE9 /* LibreLoopUI.framework */;
			productType = "com.apple.product-type.framework";
		};
		0954515C47DB77743BF36793 /* LibreLoopPlugin */ = {
			isa = PBXNativeTarget;
			buildConfigurationList = 88341C764D02386BB754E302 /* Build configuration list for PBXNativeTarget "LibreLoopPlugin" */;
			buildPhases = (
				2597003CD8082640BC2428C5 /* Headers */,
				D00236C981BE1FC8574A99A4 /* Sources */,
				0B0677EE09041F42AE2B994F /* Frameworks */,
				34B075EB9806FC8A6771542F /* Resources */,
				F923326AC7EA18E097692A6E /* Embed Frameworks */,
			);
			buildRules = (
			);
			dependencies = (
				D9181B030F74F7459A7B5684 /* PBXTargetDependency */,
				9D5D1D68C40FD1C840E460C1 /* PBXTargetDependency */,
			);
			name = LibreLoopPlugin;
			productName = LibreLoopPlugin;
			productReference = F8C952D50024EB39D4A9F98F /* LibreLoopPlugin.framework */;
			productType = "com.apple.product-type.framework";
		};
		5A7CAD2AADF08902F017E7A0 /* LibreLoopTests */ = {
			isa = PBXNativeTarget;
			buildConfigurationList = F072C6901A53D93BCB280EC5 /* Build configuration list for PBXNativeTarget "LibreLoopTests" */;
			buildPhases = (
				BBA3A237C764B112254FC211 /* Sources */,
				C67701E05177848F21CE95A0 /* Frameworks */,
				2E41E31401DC42F5575BBE97 /* Resources */,
			);
			buildRules = (
			);
			dependencies = (
				588460D7D1C03A50C14C7206 /* PBXTargetDependency */,
			);
			name = LibreLoopTests;
			productName = LibreLoopTests;
			productReference = 9F83C3C0201BC1B1DA5139E8 /* LibreLoopTests.xctest */;
			productType = "com.apple.product-type.bundle.unit-test";
		};
		D7B6234D99FE587C7F8C9EB2 /* LibreLoop */ = {
			isa = PBXNativeTarget;
			buildConfigurationList = E5972E07EDA9D7411D544B1D /* Build configuration list for PBXNativeTarget "LibreLoop" */;
			buildPhases = (
				09193405796430C4230EDF7F /* Headers */,
				48D115E2FF31B0F160057839 /* Sources */,
				49B5D384643363C1F26C094E /* Frameworks */,
				A468C6452D0C73E3FB22685A /* Resources */,
			);
			buildRules = (
			);
			dependencies = (
			);
			name = LibreLoop;
			packageProductDependencies = (
				77859E89400CDCC13F49E174 /* LibreCRKit */,
			);
			productName = LibreLoop;
			productReference = D6F337187354AD84B57977DD /* LibreLoop.framework */;
			productType = "com.apple.product-type.framework";
		};
/* End PBXNativeTarget section */

/* Begin PBXProject section */
		E9464FBE7194B52B74CC89A1 /* Project object */ = {
			isa = PBXProject;
			attributes = {
				LastSwiftUpdateCheck = 1600;
				LastUpgradeCheck = 1600;
			};
			buildConfigurationList = 17732E255FAC1CBE4E093B89 /* Build configuration list for PBXProject "LibreLoop" */;
			compatibilityVersion = "Xcode 3.2";
			developmentRegion = en;
			hasScannedForEncodings = 0;
			knownRegions = (
				en,
				Base,
			);
			mainGroup = 2A69F33C6A141AB1D083F167;
			minimizedProjectReferenceProxies = 0;
			packageReferences = (
				1B31CFB25F3ECB34122880DD /* XCRemoteSwiftPackageReference "LibreCRKit" */,
			);
			preferredProjectObjectVersion = 77;
			productRefGroup = 50EDCD985A333A24FBBC5574 /* Products */;
			projectDirPath = "";
			projectRoot = "";
			targets = (
				D7B6234D99FE587C7F8C9EB2 /* LibreLoop */,
				001DDFA155E5FDEFF6CAE9D3 /* LibreLoopUI */,
				0954515C47DB77743BF36793 /* LibreLoopPlugin */,
				5A7CAD2AADF08902F017E7A0 /* LibreLoopTests */,
			);
		};
/* End PBXProject section */

/* Begin PBXResourcesBuildPhase section */
		2E41E31401DC42F5575BBE97 /* Resources */ = {
			isa = PBXResourcesBuildPhase;
			buildActionMask = 2147483647;
			files = (
			);
			runOnlyForDeploymentPostprocessing = 0;
		};
		34B075EB9806FC8A6771542F /* Resources */ = {
			isa = PBXResourcesBuildPhase;
			buildActionMask = 2147483647;
			files = (
			);
			runOnlyForDeploymentPostprocessing = 0;
		};
		9F021338EC00F02AD298E3BC /* Resources */ = {
			isa = PBXResourcesBuildPhase;
			buildActionMask = 2147483647;
			files = (
			);
			runOnlyForDeploymentPostprocessing = 0;
		};
		A468C6452D0C73E3FB22685A /* Resources */ = {
			isa = PBXResourcesBuildPhase;
			buildActionMask = 2147483647;
			files = (
				739A2DFB410BE152F2CE8A96 /* LibreCRKit_LibreCRKit.bundle in Resources */,
				B79C14E8029C9CE8B699D54C /* phone_cert_162b.bin in Resources */,
			);
			runOnlyForDeploymentPostprocessing = 0;
		};
/* End PBXResourcesBuildPhase section */

/* Begin PBXSourcesBuildPhase section */
		48D115E2FF31B0F160057839 /* Sources */ = {
			isa = PBXSourcesBuildPhase;
			buildActionMask = 2147483647;
			files = (
				FE24586E2EDBBD25ECD23D39 /* HKUnit.swift in Sources */,
				D72BA15A973340232AD494C4 /* LibreLoopFileLogger.swift in Sources */,
				0D9D6642EC02413176624698 /* LibreLoopCGMManager+Observers.swift in Sources */,
				B6FB39A960CC7934BFFB7A30 /* LibreLoopCGMManager.swift in Sources */,
				4025967DF373556C5ABDD950 /* LibreLoopCGMManagerState.swift in Sources */,
				9EC05D7D084306E98E2DD805 /* LibreLoopCGMManager+Pairing.swift in Sources */,
				688B785969B2C07A5673BAFF /* LibreLoopKeychain.swift in Sources */,
				CBEFB83913E4730E4BCCE1A8 /* LibreLoopPairingService.swift in Sources */,
				CD3572436D448D191B463555 /* LibreLoopGlucoseSample.swift in Sources */,
				FCF3F91298C3FDCC2CE2AAAA /* LibreLoopSensorLifecycle.swift in Sources */,
				119D17BD1445B1A7930137BD /* LibreLoopSensorMonitor.swift in Sources */,
			);
			runOnlyForDeploymentPostprocessing = 0;
		};
		53228B3E84CC9A5828283057 /* Sources */ = {
			isa = PBXSourcesBuildPhase;
			buildActionMask = 2147483647;
			files = (
				95122893013B32CEB35A4721 /* LibreLoopCGMManager+UI.swift in Sources */,
				D2B55573EAA60A1048FB1C0D /* LibreLoopUICoordinator.swift in Sources */,
				2626B4C1CAA31E0800353D0A /* LibreLoopPairingProgressView.swift in Sources */,
				A4D20527263D08BA718BEDB5 /* LibreLoopPairingViewModel.swift in Sources */,
				7FB7140169C8C9D9A2DBE38D /* LibreLoopApplyHelpPagerView.swift in Sources */,
				93795EA5C3E3A733EDA14A3E /* LibreLoopApplySensorView.swift in Sources */,
				BF3C66719B70EFEE0FC0F7F1 /* LibreLoopLifecycleBar.swift in Sources */,
				D50C9C609A05A5FCE7CEB7B1 /* LibreLoopRecoveryView.swift in Sources */,
				5B5732B7C42D0BE08733B049 /* LibreLoopScanHelpPagerView.swift in Sources */,
				5E5B0E29958B891E502CED1D /* LibreLoopScanSensorView.swift in Sources */,
				828CCC9CAC2115E7798EA1F5 /* LibreLoopSettingsView.swift in Sources */,
			);
			runOnlyForDeploymentPostprocessing = 0;
		};
		BBA3A237C764B112254FC211 /* Sources */ = {
			isa = PBXSourcesBuildPhase;
			buildActionMask = 2147483647;
			files = (
				2CADFFB19D7D56775AAC5D6E /* LibreLoopCGMManagerStateTests.swift in Sources */,
			);
			runOnlyForDeploymentPostprocessing = 0;
		};
		D00236C981BE1FC8574A99A4 /* Sources */ = {
			isa = PBXSourcesBuildPhase;
			buildActionMask = 2147483647;
			files = (
				ED052A2785122A674EDB055B /* LibreLoopPlugin.swift in Sources */,
			);
			runOnlyForDeploymentPostprocessing = 0;
		};
/* End PBXSourcesBuildPhase section */

/* Begin PBXTargetDependency section */
		588460D7D1C03A50C14C7206 /* PBXTargetDependency */ = {
			isa = PBXTargetDependency;
			name = LibreLoop;
			target = D7B6234D99FE587C7F8C9EB2 /* LibreLoop */;
			targetProxy = 3AC7198F512CBAEDBB566276 /* PBXContainerItemProxy */;
		};
		9D5D1D68C40FD1C840E460C1 /* PBXTargetDependency */ = {
			isa = PBXTargetDependency;
			name = LibreLoopUI;
			target = 001DDFA155E5FDEFF6CAE9D3 /* LibreLoopUI */;
			targetProxy = 359A418EC119F03990FFF0B0 /* PBXContainerItemProxy */;
		};
		D9181B030F74F7459A7B5684 /* PBXTargetDependency */ = {
			isa = PBXTargetDependency;
			name = LibreLoop;
			target = D7B6234D99FE587C7F8C9EB2 /* LibreLoop */;
			targetProxy = 575981F590371C2361FC2239 /* PBXContainerItemProxy */;
		};
		FED55273E80AFACE53E5D458 /* PBXTargetDependency */ = {
			isa = PBXTargetDependency;
			name = LibreLoop;
			target = D7B6234D99FE587C7F8C9EB2 /* LibreLoop */;
			targetProxy = 866F26D3DDFD1C999F9DDEAF /* PBXContainerItemProxy */;
		};
/* End PBXTargetDependency section */

/* Begin XCBuildConfiguration section */
		06EF3529680ABD6EC639CDB3 /* Debug */ = {
			isa = XCBuildConfiguration;
			buildSettings = {
				CLANG_ENABLE_OBJC_WEAK = NO;
				CURRENT_PROJECT_VERSION = 1;
				DEFINES_MODULE = YES;
				DYLIB_COMPATIBILITY_VERSION = 1;
				DYLIB_CURRENT_VERSION = 1;
				DYLIB_INSTALL_NAME_BASE = "@rpath";
				GENERATE_INFOPLIST_FILE = YES;
				INFOPLIST_KEY_NSHumanReadableCopyright = "Copyright © 2026 LoopKit Authors. All rights reserved.";
				INSTALL_PATH = "$(LOCAL_LIBRARY_DIR)/Frameworks";
				IPHONEOS_DEPLOYMENT_TARGET = 17.0;
				LD_RUNPATH_SEARCH_PATHS = "$(inherited) @executable_path/Frameworks @loader_path/Frameworks";
				MARKETING_VERSION = 1.0;
				PRODUCT_BUNDLE_IDENTIFIER = org.loopkit.LibreLoop;
				PRODUCT_NAME = "$(TARGET_NAME:c99extidentifier)";
				SDKROOT = iphoneos;
				SKIP_INSTALL = YES;
				TARGETED_DEVICE_FAMILY = 1;
				VERSIONING_SYSTEM = "apple-generic";
				VERSION_INFO_PREFIX = "";
			};
			name = Debug;
		};
		1049B6563444A63871D81669 /* Debug */ = {
			isa = XCBuildConfiguration;
			buildSettings = {
				CLANG_ENABLE_OBJC_WEAK = NO;
				CURRENT_PROJECT_VERSION = 1;
				DEFINES_MODULE = YES;
				DYLIB_COMPATIBILITY_VERSION = 1;
				DYLIB_CURRENT_VERSION = 1;
				DYLIB_INSTALL_NAME_BASE = "@rpath";
				GENERATE_INFOPLIST_FILE = YES;
				INFOPLIST_KEY_NSHumanReadableCopyright = "Copyright © 2026 LoopKit Authors. All rights reserved.";
				INSTALL_PATH = "$(LOCAL_LIBRARY_DIR)/Frameworks";
				IPHONEOS_DEPLOYMENT_TARGET = 17.0;
				LD_RUNPATH_SEARCH_PATHS = "$(inherited) @executable_path/Frameworks @loader_path/Frameworks";
				MARKETING_VERSION = 1.0;
				PRODUCT_BUNDLE_IDENTIFIER = org.loopkit.LibreLoopUI;
				PRODUCT_NAME = "$(TARGET_NAME:c99extidentifier)";
				SDKROOT = iphoneos;
				SKIP_INSTALL = YES;
				TARGETED_DEVICE_FAMILY = 1;
				VERSIONING_SYSTEM = "apple-generic";
				VERSION_INFO_PREFIX = "";
			};
			name = Debug;
		};
		1B53BEA0FEE109A1F8F99640 /* Release */ = {
			isa = XCBuildConfiguration;
			buildSettings = {
				CLANG_ENABLE_OBJC_WEAK = NO;
				CURRENT_PROJECT_VERSION = 1;
				DEFINES_MODULE = NO;
				DYLIB_COMPATIBILITY_VERSION = 1;
				DYLIB_CURRENT_VERSION = 1;
				DYLIB_INSTALL_NAME_BASE = "@rpath";
				GENERATE_INFOPLIST_FILE = NO;
				INFOPLIST_FILE = LibreLoopPlugin/Info.plist;
				INFOPLIST_KEY_NSHumanReadableCopyright = "Copyright © 2026 LoopKit Authors. All rights reserved.";
				INSTALL_PATH = "$(LOCAL_LIBRARY_DIR)/Frameworks";
				IPHONEOS_DEPLOYMENT_TARGET = 17.0;
				LD_RUNPATH_SEARCH_PATHS = "$(inherited) @executable_path/Frameworks @loader_path/Frameworks";
				MARKETING_VERSION = 1.0;
				PRODUCT_BUNDLE_IDENTIFIER = org.loopkit.LibreLoopPlugin;
				PRODUCT_NAME = "$(TARGET_NAME:c99extidentifier)";
				SDKROOT = iphoneos;
				SKIP_INSTALL = YES;
				TARGETED_DEVICE_FAMILY = 1;
				VALIDATE_PRODUCT = YES;
				VERSIONING_SYSTEM = "apple-generic";
				VERSION_INFO_PREFIX = "";
				WRAPPER_EXTENSION = loopplugin;
			};
			name = Release;
		};
		31E81963551D2542A9129795 /* Release */ = {
			isa = XCBuildConfiguration;
			buildSettings = {
				CLANG_ENABLE_OBJC_WEAK = NO;
				CURRENT_PROJECT_VERSION = 1;
				DEFINES_MODULE = YES;
				DYLIB_COMPATIBILITY_VERSION = 1;
				DYLIB_CURRENT_VERSION = 1;
				DYLIB_INSTALL_NAME_BASE = "@rpath";
				GENERATE_INFOPLIST_FILE = YES;
				INFOPLIST_KEY_NSHumanReadableCopyright = "Copyright © 2026 LoopKit Authors. All rights reserved.";
				INSTALL_PATH = "$(LOCAL_LIBRARY_DIR)/Frameworks";
				IPHONEOS_DEPLOYMENT_TARGET = 17.0;
				LD_RUNPATH_SEARCH_PATHS = "$(inherited) @executable_path/Frameworks @loader_path/Frameworks";
				MARKETING_VERSION = 1.0;
				PRODUCT_BUNDLE_IDENTIFIER = org.loopkit.LibreLoopUI;
				PRODUCT_NAME = "$(TARGET_NAME:c99extidentifier)";
				SDKROOT = iphoneos;
				SKIP_INSTALL = YES;
				TARGETED_DEVICE_FAMILY = 1;
				VALIDATE_PRODUCT = YES;
				VERSIONING_SYSTEM = "apple-generic";
				VERSION_INFO_PREFIX = "";
			};
			name = Release;
		};
		3F377EED0DF81B8C279B758A /* Release */ = {
			isa = XCBuildConfiguration;
			buildSettings = {
				CLANG_ENABLE_OBJC_WEAK = NO;
				GENERATE_INFOPLIST_FILE = YES;
				IPHONEOS_DEPLOYMENT_TARGET = 17.0;
				LD_RUNPATH_SEARCH_PATHS = "$(inherited) @executable_path/Frameworks @loader_path/Frameworks";
				PRODUCT_BUNDLE_IDENTIFIER = org.loopkit.LibreLoopTests;
				PRODUCT_NAME = "$(TARGET_NAME)";
				SDKROOT = iphoneos;
				SWIFT_VERSION = 5.0;
				TARGETED_DEVICE_FAMILY = 1;
				VALIDATE_PRODUCT = YES;
			};
			name = Release;
		};
		5B459285EBD94EE8A454311F /* Debug */ = {
			isa = XCBuildConfiguration;
			buildSettings = {
				ALWAYS_SEARCH_USER_PATHS = NO;
				CLANG_ANALYZER_NONNULL = YES;
				CLANG_ANALYZER_NUMBER_OBJECT_CONVERSION = YES_AGGRESSIVE;
				CLANG_CXX_LANGUAGE_STANDARD = "gnu++20";
				CLANG_CXX_LIBRARY = "libc++";
				CLANG_ENABLE_MODULES = YES;
				CLANG_ENABLE_OBJC_ARC = YES;
				CLANG_ENABLE_OBJC_WEAK = YES;
				CLANG_WARN_BLOCK_CAPTURE_AUTORELEASING = YES;
				CLANG_WARN_BOOL_CONVERSION = YES;
				CLANG_WARN_COMMA = YES;
				CLANG_WARN_CONSTANT_CONVERSION = YES;
				CLANG_WARN_DEPRECATED_OBJC_IMPLEMENTATIONS = YES;
				CLANG_WARN_DIRECT_OBJC_ISA_USAGE = YES_ERROR;
				CLANG_WARN_DOCUMENTATION_COMMENTS = YES;
				CLANG_WARN_EMPTY_BODY = YES;
				CLANG_WARN_ENUM_CONVERSION = YES;
				CLANG_WARN_INFINITE_RECURSION = YES;
				CLANG_WARN_INT_CONVERSION = YES;
				CLANG_WARN_NON_LITERAL_NULL_CONVERSION = YES;
				CLANG_WARN_OBJC_IMPLICIT_RETAIN_SELF = YES;
				CLANG_WARN_OBJC_LITERAL_CONVERSION = YES;
				CLANG_WARN_OBJC_ROOT_CLASS = YES_ERROR;
				CLANG_WARN_QUOTED_INCLUDE_IN_FRAMEWORK_HEADER = YES;
				CLANG_WARN_RANGE_LOOP_ANALYSIS = YES;
				CLANG_WARN_STRICT_PROTOTYPES = YES;
				CLANG_WARN_SUSPICIOUS_MOVE = YES;
				CLANG_WARN_UNGUARDED_AVAILABILITY = YES_AGGRESSIVE;
				CLANG_WARN_UNREACHABLE_CODE = YES;
				CLANG_WARN__DUPLICATE_METHOD_MATCH = YES;
				COPY_PHASE_STRIP = NO;
				CURRENT_PROJECT_VERSION = 1;
				DEBUG_INFORMATION_FORMAT = dwarf;
				ENABLE_NS_ASSERTIONS = YES;
				ENABLE_STRICT_OBJC_MSGSEND = YES;
				ENABLE_TESTABILITY = YES;
				GCC_C_LANGUAGE_STANDARD = gnu11;
				GCC_DYNAMIC_NO_PIC = NO;
				GCC_NO_COMMON_BLOCKS = YES;
				GCC_OPTIMIZATION_LEVEL = 0;
				GCC_PREPROCESSOR_DEFINITIONS = (
					"DEBUG=1",
					"$(inherited)",
				);
				GCC_WARN_64_TO_32_BIT_CONVERSION = YES;
				GCC_WARN_ABOUT_RETURN_TYPE = YES_ERROR;
				GCC_WARN_UNDECLARED_SELECTOR = YES;
				GCC_WARN_UNINITIALIZED_AUTOS = YES_AGGRESSIVE;
				GCC_WARN_UNUSED_FUNCTION = YES;
				GCC_WARN_UNUSED_VARIABLE = YES;
				IPHONEOS_DEPLOYMENT_TARGET = 17.0;
				LOCALIZATION_PREFERS_STRING_CATALOGS = YES;
				LOCALIZED_STRING_MACRO_NAMES = "NSLocalizedString CFCopyLocalizedString LocalizedString";
				MTL_ENABLE_DEBUG_INFO = INCLUDE_SOURCE;
				MTL_FAST_MATH = YES;
				ONLY_ACTIVE_ARCH = YES;
				PRODUCT_NAME = "$(TARGET_NAME)";
				SWIFT_ACTIVE_COMPILATION_CONDITIONS = DEBUG;
				SWIFT_OPTIMIZATION_LEVEL = "-Onone";
				SWIFT_VERSION = 5.0;
				VERSIONING_SYSTEM = "apple-generic";
				VERSION_INFO_PREFIX = "";
			};
			name = Debug;
		};
		5EC6A88D1C33F207F830C050 /* Debug */ = {
			isa = XCBuildConfiguration;
			buildSettings = {
				CLANG_ENABLE_OBJC_WEAK = NO;
				GENERATE_INFOPLIST_FILE = YES;
				IPHONEOS_DEPLOYMENT_TARGET = 17.0;
				LD_RUNPATH_SEARCH_PATHS = "$(inherited) @executable_path/Frameworks @loader_path/Frameworks";
				PRODUCT_BUNDLE_IDENTIFIER = org.loopkit.LibreLoopTests;
				PRODUCT_NAME = "$(TARGET_NAME)";
				SDKROOT = iphoneos;
				SWIFT_VERSION = 5.0;
				TARGETED_DEVICE_FAMILY = 1;
			};
			name = Debug;
		};
		9CC5608B7CBF65E8DE71BD4C /* Debug */ = {
			isa = XCBuildConfiguration;
			buildSettings = {
				CLANG_ENABLE_OBJC_WEAK = NO;
				CURRENT_PROJECT_VERSION = 1;
				DEFINES_MODULE = NO;
				DYLIB_COMPATIBILITY_VERSION = 1;
				DYLIB_CURRENT_VERSION = 1;
				DYLIB_INSTALL_NAME_BASE = "@rpath";
				GENERATE_INFOPLIST_FILE = NO;
				INFOPLIST_FILE = LibreLoopPlugin/Info.plist;
				INFOPLIST_KEY_NSHumanReadableCopyright = "Copyright © 2026 LoopKit Authors. All rights reserved.";
				INSTALL_PATH = "$(LOCAL_LIBRARY_DIR)/Frameworks";
				IPHONEOS_DEPLOYMENT_TARGET = 17.0;
				LD_RUNPATH_SEARCH_PATHS = "$(inherited) @executable_path/Frameworks @loader_path/Frameworks";
				MARKETING_VERSION = 1.0;
				PRODUCT_BUNDLE_IDENTIFIER = org.loopkit.LibreLoopPlugin;
				PRODUCT_NAME = "$(TARGET_NAME:c99extidentifier)";
				SDKROOT = iphoneos;
				SKIP_INSTALL = YES;
				TARGETED_DEVICE_FAMILY = 1;
				VERSIONING_SYSTEM = "apple-generic";
				VERSION_INFO_PREFIX = "";
				WRAPPER_EXTENSION = loopplugin;
			};
			name = Debug;
		};
		BCFC96D30DCB638E6F2DA0A9 /* Release */ = {
			isa = XCBuildConfiguration;
			buildSettings = {
				ALWAYS_SEARCH_USER_PATHS = NO;
				CLANG_ANALYZER_NONNULL = YES;
				CLANG_ANALYZER_NUMBER_OBJECT_CONVERSION = YES_AGGRESSIVE;
				CLANG_CXX_LANGUAGE_STANDARD = "gnu++20";
				CLANG_CXX_LIBRARY = "libc++";
				CLANG_ENABLE_MODULES = YES;
				CLANG_ENABLE_OBJC_ARC = YES;
				CLANG_ENABLE_OBJC_WEAK = YES;
				CLANG_WARN_BLOCK_CAPTURE_AUTORELEASING = YES;
				CLANG_WARN_BOOL_CONVERSION = YES;
				CLANG_WARN_COMMA = YES;
				CLANG_WARN_CONSTANT_CONVERSION = YES;
				CLANG_WARN_DEPRECATED_OBJC_IMPLEMENTATIONS = YES;
				CLANG_WARN_DIRECT_OBJC_ISA_USAGE = YES_ERROR;
				CLANG_WARN_DOCUMENTATION_COMMENTS = YES;
				CLANG_WARN_EMPTY_BODY = YES;
				CLANG_WARN_ENUM_CONVERSION = YES;
				CLANG_WARN_INFINITE_RECURSION = YES;
				CLANG_WARN_INT_CONVERSION = YES;
				CLANG_WARN_NON_LITERAL_NULL_CONVERSION = YES;
				CLANG_WARN_OBJC_IMPLICIT_RETAIN_SELF = YES;
				CLANG_WARN_OBJC_LITERAL_CONVERSION = YES;
				CLANG_WARN_OBJC_ROOT_CLASS = YES_ERROR;
				CLANG_WARN_QUOTED_INCLUDE_IN_FRAMEWORK_HEADER = YES;
				CLANG_WARN_RANGE_LOOP_ANALYSIS = YES;
				CLANG_WARN_STRICT_PROTOTYPES = YES;
				CLANG_WARN_SUSPICIOUS_MOVE = YES;
				CLANG_WARN_UNGUARDED_AVAILABILITY = YES_AGGRESSIVE;
				CLANG_WARN_UNREACHABLE_CODE = YES;
				CLANG_WARN__DUPLICATE_METHOD_MATCH = YES;
				COPY_PHASE_STRIP = NO;
				CURRENT_PROJECT_VERSION = 1;
				DEBUG_INFORMATION_FORMAT = "dwarf-with-dsym";
				ENABLE_NS_ASSERTIONS = NO;
				ENABLE_STRICT_OBJC_MSGSEND = YES;
				GCC_C_LANGUAGE_STANDARD = gnu11;
				GCC_NO_COMMON_BLOCKS = YES;
				GCC_WARN_64_TO_32_BIT_CONVERSION = YES;
				GCC_WARN_ABOUT_RETURN_TYPE = YES_ERROR;
				GCC_WARN_UNDECLARED_SELECTOR = YES;
				GCC_WARN_UNINITIALIZED_AUTOS = YES_AGGRESSIVE;
				GCC_WARN_UNUSED_FUNCTION = YES;
				GCC_WARN_UNUSED_VARIABLE = YES;
				IPHONEOS_DEPLOYMENT_TARGET = 17.0;
				LOCALIZATION_PREFERS_STRING_CATALOGS = YES;
				LOCALIZED_STRING_MACRO_NAMES = "NSLocalizedString CFCopyLocalizedString LocalizedString";
				MTL_ENABLE_DEBUG_INFO = NO;
				MTL_FAST_MATH = YES;
				PRODUCT_NAME = "$(TARGET_NAME)";
				SWIFT_COMPILATION_MODE = wholemodule;
				SWIFT_OPTIMIZATION_LEVEL = "-O";
				SWIFT_VERSION = 5.0;
				VALIDATE_PRODUCT = YES;
				VERSIONING_SYSTEM = "apple-generic";
				VERSION_INFO_PREFIX = "";
			};
			name = Release;
		};
		CF101F5E8FF0634ADE93693B /* Release */ = {
			isa = XCBuildConfiguration;
			buildSettings = {
				CLANG_ENABLE_OBJC_WEAK = NO;
				CURRENT_PROJECT_VERSION = 1;
				DEFINES_MODULE = YES;
				DYLIB_COMPATIBILITY_VERSION = 1;
				DYLIB_CURRENT_VERSION = 1;
				DYLIB_INSTALL_NAME_BASE = "@rpath";
				GENERATE_INFOPLIST_FILE = YES;
				INFOPLIST_KEY_NSHumanReadableCopyright = "Copyright © 2026 LoopKit Authors. All rights reserved.";
				INSTALL_PATH = "$(LOCAL_LIBRARY_DIR)/Frameworks";
				IPHONEOS_DEPLOYMENT_TARGET = 17.0;
				LD_RUNPATH_SEARCH_PATHS = "$(inherited) @executable_path/Frameworks @loader_path/Frameworks";
				MARKETING_VERSION = 1.0;
				PRODUCT_BUNDLE_IDENTIFIER = org.loopkit.LibreLoop;
				PRODUCT_NAME = "$(TARGET_NAME:c99extidentifier)";
				SDKROOT = iphoneos;
				SKIP_INSTALL = YES;
				TARGETED_DEVICE_FAMILY = 1;
				VALIDATE_PRODUCT = YES;
				VERSIONING_SYSTEM = "apple-generic";
				VERSION_INFO_PREFIX = "";
			};
			name = Release;
		};
/* End XCBuildConfiguration section */

/* Begin XCConfigurationList section */
		17732E255FAC1CBE4E093B89 /* Build configuration list for PBXProject "LibreLoop" */ = {
			isa = XCConfigurationList;
			buildConfigurations = (
				5B459285EBD94EE8A454311F /* Debug */,
				BCFC96D30DCB638E6F2DA0A9 /* Release */,
			);
			defaultConfigurationIsVisible = 0;
			defaultConfigurationName = Release;
		};
		6636C5DFDC25AB205BBE2EA7 /* Build configuration list for PBXNativeTarget "LibreLoopUI" */ = {
			isa = XCConfigurationList;
			buildConfigurations = (
				31E81963551D2542A9129795 /* Release */,
				1049B6563444A63871D81669 /* Debug */,
			);
			defaultConfigurationIsVisible = 0;
			defaultConfigurationName = Release;
		};
		88341C764D02386BB754E302 /* Build configuration list for PBXNativeTarget "LibreLoopPlugin" */ = {
			isa = XCConfigurationList;
			buildConfigurations = (
				1B53BEA0FEE109A1F8F99640 /* Release */,
				9CC5608B7CBF65E8DE71BD4C /* Debug */,
			);
			defaultConfigurationIsVisible = 0;
			defaultConfigurationName = Release;
		};
		E5972E07EDA9D7411D544B1D /* Build configuration list for PBXNativeTarget "LibreLoop" */ = {
			isa = XCConfigurationList;
			buildConfigurations = (
				CF101F5E8FF0634ADE93693B /* Release */,
				06EF3529680ABD6EC639CDB3 /* Debug */,
			);
			defaultConfigurationIsVisible = 0;
			defaultConfigurationName = Release;
		};
		F072C6901A53D93BCB280EC5 /* Build configuration list for PBXNativeTarget "LibreLoopTests" */ = {
			isa = XCConfigurationList;
			buildConfigurations = (
				3F377EED0DF81B8C279B758A /* Release */,
				5EC6A88D1C33F207F830C050 /* Debug */,
			);
			defaultConfigurationIsVisible = 0;
			defaultConfigurationName = Release;
		};
/* End XCConfigurationList section */

/* Begin XCRemoteSwiftPackageReference section */
		1B31CFB25F3ECB34122880DD /* XCRemoteSwiftPackageReference "LibreCRKit" */ = {
			isa = XCRemoteSwiftPackageReference;
			repositoryURL = "https://github.com/airedev326/LibreCRKit.git";
			requirement = {
				kind = revision;
				revision = f690013632712b6d28e843c774d19cfd1c662898;
			};
		};
/* End XCRemoteSwiftPackageReference section */

/* Begin XCSwiftPackageProductDependency section */
		77859E89400CDCC13F49E174 /* LibreCRKit */ = {
			isa = XCSwiftPackageProductDependency;
			package = 1B31CFB25F3ECB34122880DD /* XCRemoteSwiftPackageReference "LibreCRKit" */;
			productName = LibreCRKit;
		};
/* End XCSwiftPackageProductDependency section */
	};
	rootObject = E9464FBE7194B52B74CC89A1 /* Project object */;
}
