// !$*UTF8*$!
{
	archiveVersion = 1;
	classes = {
	};
	objectVersion = 46;
	objects = {

/* Begin PBXBuildFile section */
		08F0D980B54DBC1AE3DA8BFD /* phone_cert_162b.bin in Resources */ = {isa = PBXBuildFile; fileRef = 0F2F637D46D5E3FE2E93025E /* phone_cert_162b.bin */; };
		0F91B9898C409CB360A3A09D /* LibreLoop.framework in Embed Frameworks */ = {isa = PBXBuildFile; fileRef = B09CF8D8C04708F30EF9694E /* LibreLoop.framework */; settings = {ATTRIBUTES = (CodeSignOnCopy, RemoveHeadersOnCopy, ); }; };
		10807D561BE4C0C339A94BB9 /* Foundation.framework in Frameworks */ = {isa = PBXBuildFile; fileRef = D9C50985FEA8D74D9E99D646 /* Foundation.framework */; };
		269D88C8214EC7435C344F5A /* LibreLoopCGMManager.swift in Sources */ = {isa = PBXBuildFile; fileRef = 9FF0A169F684177F0EF7E5EF /* LibreLoopCGMManager.swift */; };
		285C5E944DAB82766402626E /* LibreLoopUI.framework in Frameworks */ = {isa = PBXBuildFile; fileRef = 842014F6C15F86853A8B7650 /* LibreLoopUI.framework */; };
		295E10BB5B594E0DCA4A58B9 /* LibreLoopFileLogger.swift in Sources */ = {isa = PBXBuildFile; fileRef = 2F6E617048662B936ACA93F8 /* LibreLoopFileLogger.swift */; };
		2E954F1233EE07A2B6C211B9 /* LibreLoop.framework in Frameworks */ = {isa = PBXBuildFile; fileRef = B09CF8D8C04708F30EF9694E /* LibreLoop.framework */; };
		3481E2A0F86BD4F559096C05 /* LibreLoopCGMManager+Pairing.swift in Sources */ = {isa = PBXBuildFile; fileRef = 5ABD194272B6DEEDE8E04C57 /* LibreLoopCGMManager+Pairing.swift */; };
		38FA63BA6D279B6DF5623B3C /* LibreLoopPlugin.swift in Sources */ = {isa = PBXBuildFile; fileRef = 6069A52E238DA4A83FFAC3ED /* LibreLoopPlugin.swift */; };
		3C95081FCAD46CE17E586001 /* LoopKit.framework in Frameworks */ = {isa = PBXBuildFile; fileRef = AE66AC042A82A13F633BA273 /* LoopKit.framework */; };
		3F1E30A538403582C0EED080 /* LibreLoopRecoveryView.swift in Sources */ = {isa = PBXBuildFile; fileRef = 19FDADE1C361B416D4D980ED /* LibreLoopRecoveryView.swift */; };
		4B196EE23419C48ACCF5B0E1 /* LoopKit.framework in Frameworks */ = {isa = PBXBuildFile; fileRef = AE66AC042A82A13F633BA273 /* LoopKit.framework */; };
		579F1F7E674E2637C7256F97 /* LoopKitUI.framework in Frameworks */ = {isa = PBXBuildFile; fileRef = 6C935B39E7B503C9710164A1 /* LoopKitUI.framework */; };
		591B3E0CA94AB24EEEC64DD7 /* LibreLoopCGMManagerState.swift in Sources */ = {isa = PBXBuildFile; fileRef = 503F0E3477E0676E5406E6A6 /* LibreLoopCGMManagerState.swift */; };
		5CE1F4BCCDC7D15F548E1A1B /* LibreLoopKeychain.swift in Sources */ = {isa = PBXBuildFile; fileRef = 818602D517209155D08DE6A5 /* LibreLoopKeychain.swift */; };
		7247EBC9C21B8055244DA61F /* LibreLoopPairingProgressView.swift in Sources */ = {isa = PBXBuildFile; fileRef = 3404D3DCBBBA259739860D60 /* LibreLoopPairingProgressView.swift */; };
		75495B80352F6811D806DB0A /* Foundation.framework in Frameworks */ = {isa = PBXBuildFile; fileRef = D9C50985FEA8D74D9E99D646 /* Foundation.framework */; };
		75C12EB33BCE7F89AB6940C2 /* Foundation.framework in Frameworks */ = {isa = PBXBuildFile; fileRef = D9C50985FEA8D74D9E99D646 /* Foundation.framework */; };
		78EC7BEB040942B81F3647BD /* LoopKitUI.framework in Frameworks */ = {isa = PBXBuildFile; fileRef = 6C935B39E7B503C9710164A1 /* LoopKitUI.framework */; };
		80421B61A6703ECC13FD1C69 /* LibreLoopUI.framework in Embed Frameworks */ = {isa = PBXBuildFile; fileRef = 842014F6C15F86853A8B7650 /* LibreLoopUI.framework */; settings = {ATTRIBUTES = (CodeSignOnCopy, RemoveHeadersOnCopy, ); }; };
		8A9F33504BA6EDB164B24684 /* LibreLoopCGMManagerStateTests.swift in Sources */ = {isa = PBXBuildFile; fileRef = 2734FE08C3CB3A75221CF779 /* LibreLoopCGMManagerStateTests.swift */; };
		8BA5CB7A6C2D0D88B91C707A /* HKUnit.swift in Sources */ = {isa = PBXBuildFile; fileRef = 414BF3734F9FAF0F31775A33 /* HKUnit.swift */; };
		96C0A9C6D06E79C93DC27BBF /* LibreLoopCGMManager+Observers.swift in Sources */ = {isa = PBXBuildFile; fileRef = 48BA1ACFDA5B72FEE5015B72 /* LibreLoopCGMManager+Observers.swift */; };
		9EE43D380FF1A67C6315B345 /* LibreLoopUICoordinator.swift in Sources */ = {isa = PBXBuildFile; fileRef = 113D199A1BD707B4FEB4FE0A /* LibreLoopUICoordinator.swift */; };
		A7FA5B7149EE0AACE9B25339 /* LibreLoopScanHelpPagerView.swift in Sources */ = {isa = PBXBuildFile; fileRef = CDDCE73868888D55F780BE94 /* LibreLoopScanHelpPagerView.swift */; };
		A97421EDF0B87E84C81380E9 /* LibreCRKit in Frameworks */ = {isa = PBXBuildFile; productRef = D2E1876D7906FA4E367BA61E /* LibreCRKit */; };
		AFAF14B087D8EF6C855DD78D /* LibreLoopScanSensorView.swift in Sources */ = {isa = PBXBuildFile; fileRef = 7D07682851E5A1A3731366E8 /* LibreLoopScanSensorView.swift */; };
		B01AE7164772E3AAEFD9FABA /* Foundation.framework in Frameworks */ = {isa = PBXBuildFile; fileRef = D9C50985FEA8D74D9E99D646 /* Foundation.framework */; };
		BD2A6529B08EBE8634CF1747 /* LibreLoopSettingsView.swift in Sources */ = {isa = PBXBuildFile; fileRef = 84E1E45A68105FD0179C9CFA /* LibreLoopSettingsView.swift */; };
		BEEA4E6A0FAE67D7260B1097 /* LibreLoopPairingService.swift in Sources */ = {isa = PBXBuildFile; fileRef = 31FC93CE39CDDA2F0707BA86 /* LibreLoopPairingService.swift */; };
		C4B68CF26FE38EC2724D8077 /* LibreLoopLifecycleBar.swift in Sources */ = {isa = PBXBuildFile; fileRef = 407734CCD94FB32405257954 /* LibreLoopLifecycleBar.swift */; };
		C7AC6D048A28FD52AC5BB5AD /* LibreCRKit_LibreCRKit.bundle in Resources */ = {isa = PBXBuildFile; fileRef = 3A807F83A1F5ED477A4882DB /* LibreCRKit_LibreCRKit.bundle */; };
		D61886A03E751A38FEFB77CF /* LibreLoopCGMManager+UI.swift in Sources */ = {isa = PBXBuildFile; fileRef = FEF145511506CD60830EFEBA /* LibreLoopCGMManager+UI.swift */; };
		D7BBB9714964380DCAF18C99 /* LibreLoop.framework in Frameworks */ = {isa = PBXBuildFile; fileRef = B09CF8D8C04708F30EF9694E /* LibreLoop.framework */; };
		D8019CC64B1BD089ABA7C6C1 /* LibreLoopApplyHelpPagerView.swift in Sources */ = {isa = PBXBuildFile; fileRef = 755BC1DF82C19A5501E6A342 /* LibreLoopApplyHelpPagerView.swift */; };
		DD79351502C4A88BFE0B8B02 /* LibreLoopSensorMonitor.swift in Sources */ = {isa = PBXBuildFile; fileRef = E85E35C686245224CFDC3AF3 /* LibreLoopSensorMonitor.swift */; };
		DF8A18F6591A61B07A839F09 /* LibreLoopGlucoseSample.swift in Sources */ = {isa = PBXBuildFile; fileRef = A11179E5FAE6B972147D6DA0 /* LibreLoopGlucoseSample.swift */; };
		E1F4447A86432F3C412097B5 /* LibreLoop.framework in Frameworks */ = {isa = PBXBuildFile; fileRef = B09CF8D8C04708F30EF9694E /* LibreLoop.framework */; };
		E4AF5A6F05F439410DBD0F28 /* LibreLoopApplySensorView.swift in Sources */ = {isa = PBXBuildFile; fileRef = 90D453E5EA420FC8E8093F0A /* LibreLoopApplySensorView.swift */; };
		ECEAB225486741B19D23864F /* LibreLoopPairingViewModel.swift in Sources */ = {isa = PBXBuildFile; fileRef = 8D478C86966E670A901696E0 /* LibreLoopPairingViewModel.swift */; };
		FAAB718AA154C3569400DFDD /* LoopKit.framework in Frameworks */ = {isa = PBXBuildFile; fileRef = AE66AC042A82A13F633BA273 /* LoopKit.framework */; };
		FFEF2BD70EC7E4A4EF7AC465 /* LibreLoopSensorLifecycle.swift in Sources */ = {isa = PBXBuildFile; fileRef = 8BD8BFE01699A8F3964704C2 /* LibreLoopSensorLifecycle.swift */; };
/* End PBXBuildFile section */

/* Begin PBXContainerItemProxy section */
		182CF15BF31961B797BA2D80 /* PBXContainerItemProxy */ = {
			isa = PBXContainerItemProxy;
			containerPortal = A8B9E5EA15D5E989448C6B35 /* Project object */;
			proxyType = 1;
			remoteGlobalIDString = 2E11FF969F5354F073CAF606;
			remoteInfo = LibreLoop;
		};
		415945AB824EB14DF0DD0A95 /* PBXContainerItemProxy */ = {
			isa = PBXContainerItemProxy;
			containerPortal = A8B9E5EA15D5E989448C6B35 /* Project object */;
			proxyType = 1;
			remoteGlobalIDString = 2E11FF969F5354F073CAF606;
			remoteInfo = LibreLoop;
		};
		71B6ADE6B4C55A07280D2167 /* PBXContainerItemProxy */ = {
			isa = PBXContainerItemProxy;
			containerPortal = A8B9E5EA15D5E989448C6B35 /* Project object */;
			proxyType = 1;
			remoteGlobalIDString = 2E11FF969F5354F073CAF606;
			remoteInfo = LibreLoop;
		};
		9C659EF9ADFEFA4B32057B75 /* PBXContainerItemProxy */ = {
			isa = PBXContainerItemProxy;
			containerPortal = A8B9E5EA15D5E989448C6B35 /* Project object */;
			proxyType = 1;
			remoteGlobalIDString = 0EF337E176B15EDAB5315033;
			remoteInfo = LibreLoopUI;
		};
/* End PBXContainerItemProxy section */

/* Begin PBXCopyFilesBuildPhase section */
		FAF13668482FB0406D118916 /* Embed Frameworks */ = {
			isa = PBXCopyFilesBuildPhase;
			buildActionMask = 2147483647;
			dstPath = "";
			dstSubfolderSpec = 10;
			files = (
				0F91B9898C409CB360A3A09D /* LibreLoop.framework in Embed Frameworks */,
				80421B61A6703ECC13FD1C69 /* LibreLoopUI.framework in Embed Frameworks */,
			);
			name = "Embed Frameworks";
			runOnlyForDeploymentPostprocessing = 0;
		};
/* End PBXCopyFilesBuildPhase section */

/* Begin PBXFileReference section */
		08661AB0DBC586976D8D7DD2 /* LibreLoopTests.xctest */ = {isa = PBXFileReference; explicitFileType = wrapper.cfbundle; includeInIndex = 0; path = LibreLoopTests.xctest; sourceTree = BUILT_PRODUCTS_DIR; };
		09007C4AEEB0806C1AD07186 /* LICENSE */ = {isa = PBXFileReference; includeInIndex = 1; path = LICENSE; sourceTree = "<group>"; };
		0F2F637D46D5E3FE2E93025E /* phone_cert_162b.bin */ = {isa = PBXFileReference; includeInIndex = 1; path = phone_cert_162b.bin; sourceTree = "<group>"; };
		113D199A1BD707B4FEB4FE0A /* LibreLoopUICoordinator.swift */ = {isa = PBXFileReference; includeInIndex = 1; lastKnownFileType = sourcecode.swift; path = LibreLoopUICoordinator.swift; sourceTree = "<group>"; };
		19FDADE1C361B416D4D980ED /* LibreLoopRecoveryView.swift */ = {isa = PBXFileReference; includeInIndex = 1; lastKnownFileType = sourcecode.swift; path = LibreLoopRecoveryView.swift; sourceTree = "<group>"; };
		2734FE08C3CB3A75221CF779 /* LibreLoopCGMManagerStateTests.swift */ = {isa = PBXFileReference; includeInIndex = 1; lastKnownFileType = sourcecode.swift; path = LibreLoopCGMManagerStateTests.swift; sourceTree = "<group>"; };
		2F6E617048662B936ACA93F8 /* LibreLoopFileLogger.swift */ = {isa = PBXFileReference; includeInIndex = 1; lastKnownFileType = sourcecode.swift; path = LibreLoopFileLogger.swift; sourceTree = "<group>"; };
		31FC93CE39CDDA2F0707BA86 /* LibreLoopPairingService.swift */ = {isa = PBXFileReference; includeInIndex = 1; lastKnownFileType = sourcecode.swift; path = LibreLoopPairingService.swift; sourceTree = "<group>"; };
		321740D78036CE13B4CEDAFF /* XCTest.framework */ = {isa = PBXFileReference; lastKnownFileType = wrapper.framework; path = Platforms/iPhoneOS.platform/Developer/Library/Frameworks/XCTest.framework; sourceTree = DEVELOPER_DIR; };
		3404D3DCBBBA259739860D60 /* LibreLoopPairingProgressView.swift */ = {isa = PBXFileReference; includeInIndex = 1; lastKnownFileType = sourcecode.swift; path = LibreLoopPairingProgressView.swift; sourceTree = "<group>"; };
		3A807F83A1F5ED477A4882DB /* LibreCRKit_LibreCRKit.bundle */ = {isa = PBXFileReference; includeInIndex = 0; lastKnownFileType = wrapper.cfbundle; path = LibreCRKit_LibreCRKit.bundle; sourceTree = BUILT_PRODUCTS_DIR; };
		407734CCD94FB32405257954 /* LibreLoopLifecycleBar.swift */ = {isa = PBXFileReference; includeInIndex = 1; lastKnownFileType = sourcecode.swift; path = LibreLoopLifecycleBar.swift; sourceTree = "<group>"; };
		414BF3734F9FAF0F31775A33 /* HKUnit.swift */ = {isa = PBXFileReference; includeInIndex = 1; lastKnownFileType = sourcecode.swift; path = HKUnit.swift; sourceTree = "<group>"; };
		48BA1ACFDA5B72FEE5015B72 /* LibreLoopCGMManager+Observers.swift */ = {isa = PBXFileReference; includeInIndex = 1; lastKnownFileType = sourcecode.swift; path = "LibreLoopCGMManager+Observers.swift"; sourceTree = "<group>"; };
		503F0E3477E0676E5406E6A6 /* LibreLoopCGMManagerState.swift */ = {isa = PBXFileReference; includeInIndex = 1; lastKnownFileType = sourcecode.swift; path = LibreLoopCGMManagerState.swift; sourceTree = "<group>"; };
		5ABD194272B6DEEDE8E04C57 /* LibreLoopCGMManager+Pairing.swift */ = {isa = PBXFileReference; includeInIndex = 1; lastKnownFileType = sourcecode.swift; path = "LibreLoopCGMManager+Pairing.swift"; sourceTree = "<group>"; };
		6069A52E238DA4A83FFAC3ED /* LibreLoopPlugin.swift */ = {isa = PBXFileReference; includeInIndex = 1; lastKnownFileType = sourcecode.swift; path = LibreLoopPlugin.swift; sourceTree = "<group>"; };
		6C935B39E7B503C9710164A1 /* LoopKitUI.framework */ = {isa = PBXFileReference; includeInIndex = 0; lastKnownFileType = wrapper.framework; path = LoopKitUI.framework; sourceTree = BUILT_PRODUCTS_DIR; };
		755BC1DF82C19A5501E6A342 /* LibreLoopApplyHelpPagerView.swift */ = {isa = PBXFileReference; includeInIndex = 1; lastKnownFileType = sourcecode.swift; path = LibreLoopApplyHelpPagerView.swift; sourceTree = "<group>"; };
		7D07682851E5A1A3731366E8 /* LibreLoopScanSensorView.swift */ = {isa = PBXFileReference; includeInIndex = 1; lastKnownFileType = sourcecode.swift; path = LibreLoopScanSensorView.swift; sourceTree = "<group>"; };
		818602D517209155D08DE6A5 /* LibreLoopKeychain.swift */ = {isa = PBXFileReference; includeInIndex = 1; lastKnownFileType = sourcecode.swift; path = LibreLoopKeychain.swift; sourceTree = "<group>"; };
		842014F6C15F86853A8B7650 /* LibreLoopUI.framework */ = {isa = PBXFileReference; explicitFileType = wrapper.framework; includeInIndex = 0; path = LibreLoopUI.framework; sourceTree = BUILT_PRODUCTS_DIR; };
		84E1E45A68105FD0179C9CFA /* LibreLoopSettingsView.swift */ = {isa = PBXFileReference; includeInIndex = 1; lastKnownFileType = sourcecode.swift; path = LibreLoopSettingsView.swift; sourceTree = "<group>"; };
		8BD8BFE01699A8F3964704C2 /* LibreLoopSensorLifecycle.swift */ = {isa = PBXFileReference; includeInIndex = 1; lastKnownFileType = sourcecode.swift; path = LibreLoopSensorLifecycle.swift; sourceTree = "<group>"; };
		8D478C86966E670A901696E0 /* LibreLoopPairingViewModel.swift */ = {isa = PBXFileReference; includeInIndex = 1; lastKnownFileType = sourcecode.swift; path = LibreLoopPairingViewModel.swift; sourceTree = "<group>"; };
		90D453E5EA420FC8E8093F0A /* LibreLoopApplySensorView.swift */ = {isa = PBXFileReference; includeInIndex = 1; lastKnownFileType = sourcecode.swift; path = LibreLoopApplySensorView.swift; sourceTree = "<group>"; };
		9FF0A169F684177F0EF7E5EF /* LibreLoopCGMManager.swift */ = {isa = PBXFileReference; includeInIndex = 1; lastKnownFileType = sourcecode.swift; path = LibreLoopCGMManager.swift; sourceTree = "<group>"; };
		A11179E5FAE6B972147D6DA0 /* LibreLoopGlucoseSample.swift */ = {isa = PBXFileReference; includeInIndex = 1; lastKnownFileType = sourcecode.swift; path = LibreLoopGlucoseSample.swift; sourceTree = "<group>"; };
		AE66AC042A82A13F633BA273 /* LoopKit.framework */ = {isa = PBXFileReference; includeInIndex = 0; lastKnownFileType = wrapper.framework; path = LoopKit.framework; sourceTree = BUILT_PRODUCTS_DIR; };
		B09CF8D8C04708F30EF9694E /* LibreLoop.framework */ = {isa = PBXFileReference; explicitFileType = wrapper.framework; includeInIndex = 0; path = LibreLoop.framework; sourceTree = BUILT_PRODUCTS_DIR; };
		B8B526C7D59A8036A1AB2736 /* Info.plist */ = {isa = PBXFileReference; includeInIndex = 1; lastKnownFileType = text.plist.xml; path = Info.plist; sourceTree = "<group>"; };
		C9733AA06869A7B72289A908 /* LibreLoopPlugin.framework */ = {isa = PBXFileReference; explicitFileType = wrapper.framework; includeInIndex = 0; path = LibreLoopPlugin.framework; sourceTree = BUILT_PRODUCTS_DIR; };
		CDDCE73868888D55F780BE94 /* LibreLoopScanHelpPagerView.swift */ = {isa = PBXFileReference; includeInIndex = 1; lastKnownFileType = sourcecode.swift; path = LibreLoopScanHelpPagerView.swift; sourceTree = "<group>"; };
		D5E1D4670BCF4DF10F8C5A92 /* README.md */ = {isa = PBXFileReference; includeInIndex = 1; path = README.md; sourceTree = "<group>"; };
		D9C50985FEA8D74D9E99D646 /* Foundation.framework */ = {isa = PBXFileReference; lastKnownFileType = wrapper.framework; name = Foundation.framework; path = Platforms/iPhoneOS.platform/Developer/SDKs/iPhoneOS18.0.sdk/System/Library/Frameworks/Foundation.framework; sourceTree = DEVELOPER_DIR; };
		E85E35C686245224CFDC3AF3 /* LibreLoopSensorMonitor.swift */ = {isa = PBXFileReference; includeInIndex = 1; lastKnownFileType = sourcecode.swift; path = LibreLoopSensorMonitor.swift; sourceTree = "<group>"; };
		FEF145511506CD60830EFEBA /* LibreLoopCGMManager+UI.swift */ = {isa = PBXFileReference; includeInIndex = 1; lastKnownFileType = sourcecode.swift; path = "LibreLoopCGMManager+UI.swift"; sourceTree = "<group>"; };
/* End PBXFileReference section */

/* Begin PBXFrameworksBuildPhase section */
		067BA56ACC2C636A68271D87 /* Frameworks */ = {
			isa = PBXFrameworksBuildPhase;
			buildActionMask = 2147483647;
			files = (
				75495B80352F6811D806DB0A /* Foundation.framework in Frameworks */,
				D7BBB9714964380DCAF18C99 /* LibreLoop.framework in Frameworks */,
				FAAB718AA154C3569400DFDD /* LoopKit.framework in Frameworks */,
				579F1F7E674E2637C7256F97 /* LoopKitUI.framework in Frameworks */,
			);
			runOnlyForDeploymentPostprocessing = 0;
		};
		365167B34B88FAAF96611711 /* Frameworks */ = {
			isa = PBXFrameworksBuildPhase;
			buildActionMask = 2147483647;
			files = (
				10807D561BE4C0C339A94BB9 /* Foundation.framework in Frameworks */,
				E1F4447A86432F3C412097B5 /* LibreLoop.framework in Frameworks */,
				285C5E944DAB82766402626E /* LibreLoopUI.framework in Frameworks */,
				4B196EE23419C48ACCF5B0E1 /* LoopKit.framework in Frameworks */,
				78EC7BEB040942B81F3647BD /* LoopKitUI.framework in Frameworks */,
			);
			runOnlyForDeploymentPostprocessing = 0;
		};
		539B7F05F9E7629C6BD34C79 /* Frameworks */ = {
			isa = PBXFrameworksBuildPhase;
			buildActionMask = 2147483647;
			files = (
				75C12EB33BCE7F89AB6940C2 /* Foundation.framework in Frameworks */,
				3C95081FCAD46CE17E586001 /* LoopKit.framework in Frameworks */,
				A97421EDF0B87E84C81380E9 /* LibreCRKit in Frameworks */,
			);
			runOnlyForDeploymentPostprocessing = 0;
		};
		5739125E012737F852FEC412 /* Frameworks */ = {
			isa = PBXFrameworksBuildPhase;
			buildActionMask = 2147483647;
			files = (
				B01AE7164772E3AAEFD9FABA /* Foundation.framework in Frameworks */,
				2E954F1233EE07A2B6C211B9 /* LibreLoop.framework in Frameworks */,
			);
			runOnlyForDeploymentPostprocessing = 0;
		};
/* End PBXFrameworksBuildPhase section */

/* Begin PBXGroup section */
		00C102839EF89FF061F37A24 /* Sensor */ = {
			isa = PBXGroup;
			children = (
				A11179E5FAE6B972147D6DA0 /* LibreLoopGlucoseSample.swift */,
				8BD8BFE01699A8F3964704C2 /* LibreLoopSensorLifecycle.swift */,
				E85E35C686245224CFDC3AF3 /* LibreLoopSensorMonitor.swift */,
			);
			name = Sensor;
			path = Sensor;
			sourceTree = "<group>";
		};
		0667548263D4D5A387A88A6A /* Products */ = {
			isa = PBXGroup;
			children = (
				B09CF8D8C04708F30EF9694E /* LibreLoop.framework */,
				842014F6C15F86853A8B7650 /* LibreLoopUI.framework */,
				C9733AA06869A7B72289A908 /* LibreLoopPlugin.framework */,
				08661AB0DBC586976D8D7DD2 /* LibreLoopTests.xctest */,
			);
			name = Products;
			sourceTree = "<group>";
		};
		27548B77561E633621BD498B /* LibreLoopUI */ = {
			isa = PBXGroup;
			children = (
				D690B06BC864187E5AF49961 /* LibreLoopCGMManager */,
				980DC45714BB5FD9EF5D2CFB /* Pairing */,
				569FEF6F9099B479C2372B54 /* Views */,
			);
			name = LibreLoopUI;
			path = LibreLoopUI;
			sourceTree = "<group>";
		};
		2A3A2F96582272C30279AC71 /* iOS */ = {
			isa = PBXGroup;
			children = (
				D9C50985FEA8D74D9E99D646 /* Foundation.framework */,
			);
			name = iOS;
			sourceTree = "<group>";
		};
		569FEF6F9099B479C2372B54 /* Views */ = {
			isa = PBXGroup;
			children = (
				755BC1DF82C19A5501E6A342 /* LibreLoopApplyHelpPagerView.swift */,
				90D453E5EA420FC8E8093F0A /* LibreLoopApplySensorView.swift */,
				407734CCD94FB32405257954 /* LibreLoopLifecycleBar.swift */,
				19FDADE1C361B416D4D980ED /* LibreLoopRecoveryView.swift */,
				CDDCE73868888D55F780BE94 /* LibreLoopScanHelpPagerView.swift */,
				7D07682851E5A1A3731366E8 /* LibreLoopScanSensorView.swift */,
				84E1E45A68105FD0179C9CFA /* LibreLoopSettingsView.swift */,
			);
			name = Views;
			path = Views;
			sourceTree = "<group>";
		};
		578774088EB531969DC21F72 /* LibreLoop */ = {
			isa = PBXGroup;
			children = (
				97A82713444EBCD3443018AA /* Common */,
				BFD0D28B983791DE759F20E1 /* LibreLoopCGMManager */,
				6E4D4223D198AD4503DAFA58 /* Pairing */,
				00C102839EF89FF061F37A24 /* Sensor */,
				E7DC85924C8E385545E242FB /* Resources */,
			);
			name = LibreLoop;
			path = LibreLoop;
			sourceTree = "<group>";
		};
		6E4D4223D198AD4503DAFA58 /* Pairing */ = {
			isa = PBXGroup;
			children = (
				5ABD194272B6DEEDE8E04C57 /* LibreLoopCGMManager+Pairing.swift */,
				818602D517209155D08DE6A5 /* LibreLoopKeychain.swift */,
				31FC93CE39CDDA2F0707BA86 /* LibreLoopPairingService.swift */,
			);
			name = Pairing;
			path = Pairing;
			sourceTree = "<group>";
		};
		730E420FD56298C05C94078D /* LibreLoopTests */ = {
			isa = PBXGroup;
			children = (
				2734FE08C3CB3A75221CF779 /* LibreLoopCGMManagerStateTests.swift */,
			);
			name = LibreLoopTests;
			path = LibreLoopTests;
			sourceTree = "<group>";
		};
		7EC662727F69D56EAB953719 /* LibreLoopPlugin */ = {
			isa = PBXGroup;
			children = (
				6069A52E238DA4A83FFAC3ED /* LibreLoopPlugin.swift */,
				B8B526C7D59A8036A1AB2736 /* Info.plist */,
			);
			name = LibreLoopPlugin;
			path = LibreLoopPlugin;
			sourceTree = "<group>";
		};
		97A82713444EBCD3443018AA /* Common */ = {
			isa = PBXGroup;
			children = (
				414BF3734F9FAF0F31775A33 /* HKUnit.swift */,
				2F6E617048662B936ACA93F8 /* LibreLoopFileLogger.swift */,
			);
			name = Common;
			path = Common;
			sourceTree = "<group>";
		};
		980DC45714BB5FD9EF5D2CFB /* Pairing */ = {
			isa = PBXGroup;
			children = (
				3404D3DCBBBA259739860D60 /* LibreLoopPairingProgressView.swift */,
				8D478C86966E670A901696E0 /* LibreLoopPairingViewModel.swift */,
			);
			name = Pairing;
			path = Pairing;
			sourceTree = "<group>";
		};
		BC480795AF45B5C83E973C7A /* Frameworks */ = {
			isa = PBXGroup;
			children = (
				AE66AC042A82A13F633BA273 /* LoopKit.framework */,
				6C935B39E7B503C9710164A1 /* LoopKitUI.framework */,
				321740D78036CE13B4CEDAFF /* XCTest.framework */,
				2A3A2F96582272C30279AC71 /* iOS */,
				3A807F83A1F5ED477A4882DB /* LibreCRKit_LibreCRKit.bundle */,
			);
			name = Frameworks;
			sourceTree = "<group>";
		};
		BFD0D28B983791DE759F20E1 /* LibreLoopCGMManager */ = {
			isa = PBXGroup;
			children = (
				48BA1ACFDA5B72FEE5015B72 /* LibreLoopCGMManager+Observers.swift */,
				9FF0A169F684177F0EF7E5EF /* LibreLoopCGMManager.swift */,
				503F0E3477E0676E5406E6A6 /* LibreLoopCGMManagerState.swift */,
			);
			name = LibreLoopCGMManager;
			path = LibreLoopCGMManager;
			sourceTree = "<group>";
		};
		D690B06BC864187E5AF49961 /* LibreLoopCGMManager */ = {
			isa = PBXGroup;
			children = (
				FEF145511506CD60830EFEBA /* LibreLoopCGMManager+UI.swift */,
				113D199A1BD707B4FEB4FE0A /* LibreLoopUICoordinator.swift */,
			);
			name = LibreLoopCGMManager;
			path = LibreLoopCGMManager;
			sourceTree = "<group>";
		};
		E7DC85924C8E385545E242FB /* Resources */ = {
			isa = PBXGroup;
			children = (
				0F2F637D46D5E3FE2E93025E /* phone_cert_162b.bin */,
			);
			name = Resources;
			path = LibreLoop/Resources;
			sourceTree = SOURCE_ROOT;
		};
		E8B99F8D4A41D46523D1D2D4 = {
			isa = PBXGroup;
			children = (
				0667548263D4D5A387A88A6A /* Products */,
				BC480795AF45B5C83E973C7A /* Frameworks */,
				578774088EB531969DC21F72 /* LibreLoop */,
				27548B77561E633621BD498B /* LibreLoopUI */,
				7EC662727F69D56EAB953719 /* LibreLoopPlugin */,
				730E420FD56298C05C94078D /* LibreLoopTests */,
				09007C4AEEB0806C1AD07186 /* LICENSE */,
				D5E1D4670BCF4DF10F8C5A92 /* README.md */,
			);
			sourceTree = "<group>";
		};
/* End PBXGroup section */

/* Begin PBXHeadersBuildPhase section */
		8467FC76C57FE82DC7B03544 /* Headers */ = {
			isa = PBXHeadersBuildPhase;
			buildActionMask = 2147483647;
			files = (
			);
			runOnlyForDeploymentPostprocessing = 0;
		};
		BB9A02CCAF995E44A812948E /* Headers */ = {
			isa = PBXHeadersBuildPhase;
			buildActionMask = 2147483647;
			files = (
			);
			runOnlyForDeploymentPostprocessing = 0;
		};
		DBF178D8F29AB0D9102F6FF5 /* Headers */ = {
			isa = PBXHeadersBuildPhase;
			buildActionMask = 2147483647;
			files = (
			);
			runOnlyForDeploymentPostprocessing = 0;
		};
/* End PBXHeadersBuildPhase section */

/* Begin PBXNativeTarget section */
		0EF337E176B15EDAB5315033 /* LibreLoopUI */ = {
			isa = PBXNativeTarget;
			buildConfigurationList = 61382A633AFB9293ED867B8B /* Build configuration list for PBXNativeTarget "LibreLoopUI" */;
			buildPhases = (
				DBF178D8F29AB0D9102F6FF5 /* Headers */,
				9232E5004649817EFC1C7583 /* Sources */,
				067BA56ACC2C636A68271D87 /* Frameworks */,
				ECB9470CD50C8BA3B2D9A3AA /* Resources */,
			);
			buildRules = (
			);
			dependencies = (
				F020E6DE708074D69EEE3273 /* PBXTargetDependency */,
			);
			name = LibreLoopUI;
			productName = LibreLoopUI;
			productReference = 842014F6C15F86853A8B7650 /* LibreLoopUI.framework */;
			productType = "com.apple.product-type.framework";
		};
		1327F1D61268D9AB58D7292A /* LibreLoopTests */ = {
			isa = PBXNativeTarget;
			buildConfigurationList = B33CEED7C7FE34A93D7D25A8 /* Build configuration list for PBXNativeTarget "LibreLoopTests" */;
			buildPhases = (
				2AAF3EBB81F181AC5AF8ED87 /* Sources */,
				5739125E012737F852FEC412 /* Frameworks */,
				BF72DF0AAC1DA60A737E222B /* Resources */,
			);
			buildRules = (
			);
			dependencies = (
				86D7A3A1D807249ED1D68FB1 /* PBXTargetDependency */,
			);
			name = LibreLoopTests;
			productName = LibreLoopTests;
			productReference = 08661AB0DBC586976D8D7DD2 /* LibreLoopTests.xctest */;
			productType = "com.apple.product-type.bundle.unit-test";
		};
		1CACCB219187CCCC26F330F4 /* LibreLoopPlugin */ = {
			isa = PBXNativeTarget;
			buildConfigurationList = 52B2B8EA8EAF13481AB141A6 /* Build configuration list for PBXNativeTarget "LibreLoopPlugin" */;
			buildPhases = (
				BB9A02CCAF995E44A812948E /* Headers */,
				720EED1F1F81A2158CB3B3F0 /* Sources */,
				365167B34B88FAAF96611711 /* Frameworks */,
				9586BB30A680FE71F3923BEC /* Resources */,
				FAF13668482FB0406D118916 /* Embed Frameworks */,
			);
			buildRules = (
			);
			dependencies = (
				BCB252CF3EEFE87A06A5F8C7 /* PBXTargetDependency */,
				FF6BC1B7B73F5F60C8863ED1 /* PBXTargetDependency */,
			);
			name = LibreLoopPlugin;
			productName = LibreLoopPlugin;
			productReference = C9733AA06869A7B72289A908 /* LibreLoopPlugin.framework */;
			productType = "com.apple.product-type.framework";
		};
		2E11FF969F5354F073CAF606 /* LibreLoop */ = {
			isa = PBXNativeTarget;
			buildConfigurationList = 1A07A00CEAF44AA2BD55616E /* Build configuration list for PBXNativeTarget "LibreLoop" */;
			buildPhases = (
				8467FC76C57FE82DC7B03544 /* Headers */,
				360A253DA12C224579D1843A /* Sources */,
				539B7F05F9E7629C6BD34C79 /* Frameworks */,
				71B2429DD92DC03FA6583F43 /* Resources */,
			);
			buildRules = (
			);
			dependencies = (
			);
			name = LibreLoop;
			packageProductDependencies = (
				D2E1876D7906FA4E367BA61E /* LibreCRKit */,
			);
			productName = LibreLoop;
			productReference = B09CF8D8C04708F30EF9694E /* LibreLoop.framework */;
			productType = "com.apple.product-type.framework";
		};
/* End PBXNativeTarget section */

/* Begin PBXProject section */
		A8B9E5EA15D5E989448C6B35 /* Project object */ = {
			isa = PBXProject;
			attributes = {
				LastSwiftUpdateCheck = 1600;
				LastUpgradeCheck = 1600;
			};
			buildConfigurationList = 58E9883618E2F0FBD66B55AD /* Build configuration list for PBXProject "LibreLoop" */;
			compatibilityVersion = "Xcode 3.2";
			developmentRegion = en;
			hasScannedForEncodings = 0;
			knownRegions = (
				en,
				Base,
			);
			mainGroup = E8B99F8D4A41D46523D1D2D4;
			minimizedProjectReferenceProxies = 0;
			packageReferences = (
				876CB74FEB0968195FBBCA1B /* XCRemoteSwiftPackageReference "LibreCRKit" */,
			);
			preferredProjectObjectVersion = 77;
			productRefGroup = 0667548263D4D5A387A88A6A /* Products */;
			projectDirPath = "";
			projectRoot = "";
			targets = (
				2E11FF969F5354F073CAF606 /* LibreLoop */,
				0EF337E176B15EDAB5315033 /* LibreLoopUI */,
				1CACCB219187CCCC26F330F4 /* LibreLoopPlugin */,
				1327F1D61268D9AB58D7292A /* LibreLoopTests */,
			);
		};
/* End PBXProject section */

/* Begin PBXResourcesBuildPhase section */
		71B2429DD92DC03FA6583F43 /* Resources */ = {
			isa = PBXResourcesBuildPhase;
			buildActionMask = 2147483647;
			files = (
				C7AC6D048A28FD52AC5BB5AD /* LibreCRKit_LibreCRKit.bundle in Resources */,
				08F0D980B54DBC1AE3DA8BFD /* phone_cert_162b.bin in Resources */,
			);
			runOnlyForDeploymentPostprocessing = 0;
		};
		9586BB30A680FE71F3923BEC /* Resources */ = {
			isa = PBXResourcesBuildPhase;
			buildActionMask = 2147483647;
			files = (
			);
			runOnlyForDeploymentPostprocessing = 0;
		};
		BF72DF0AAC1DA60A737E222B /* Resources */ = {
			isa = PBXResourcesBuildPhase;
			buildActionMask = 2147483647;
			files = (
			);
			runOnlyForDeploymentPostprocessing = 0;
		};
		ECB9470CD50C8BA3B2D9A3AA /* Resources */ = {
			isa = PBXResourcesBuildPhase;
			buildActionMask = 2147483647;
			files = (
			);
			runOnlyForDeploymentPostprocessing = 0;
		};
/* End PBXResourcesBuildPhase section */

/* Begin PBXSourcesBuildPhase section */
		2AAF3EBB81F181AC5AF8ED87 /* Sources */ = {
			isa = PBXSourcesBuildPhase;
			buildActionMask = 2147483647;
			files = (
				8A9F33504BA6EDB164B24684 /* LibreLoopCGMManagerStateTests.swift in Sources */,
			);
			runOnlyForDeploymentPostprocessing = 0;
		};
		360A253DA12C224579D1843A /* Sources */ = {
			isa = PBXSourcesBuildPhase;
			buildActionMask = 2147483647;
			files = (
				8BA5CB7A6C2D0D88B91C707A /* HKUnit.swift in Sources */,
				295E10BB5B594E0DCA4A58B9 /* LibreLoopFileLogger.swift in Sources */,
				96C0A9C6D06E79C93DC27BBF /* LibreLoopCGMManager+Observers.swift in Sources */,
				269D88C8214EC7435C344F5A /* LibreLoopCGMManager.swift in Sources */,
				591B3E0CA94AB24EEEC64DD7 /* LibreLoopCGMManagerState.swift in Sources */,
				3481E2A0F86BD4F559096C05 /* LibreLoopCGMManager+Pairing.swift in Sources */,
				5CE1F4BCCDC7D15F548E1A1B /* LibreLoopKeychain.swift in Sources */,
				BEEA4E6A0FAE67D7260B1097 /* LibreLoopPairingService.swift in Sources */,
				DF8A18F6591A61B07A839F09 /* LibreLoopGlucoseSample.swift in Sources */,
				FFEF2BD70EC7E4A4EF7AC465 /* LibreLoopSensorLifecycle.swift in Sources */,
				DD79351502C4A88BFE0B8B02 /* LibreLoopSensorMonitor.swift in Sources */,
			);
			runOnlyForDeploymentPostprocessing = 0;
		};
		720EED1F1F81A2158CB3B3F0 /* Sources */ = {
			isa = PBXSourcesBuildPhase;
			buildActionMask = 2147483647;
			files = (
				38FA63BA6D279B6DF5623B3C /* LibreLoopPlugin.swift in Sources */,
			);
			runOnlyForDeploymentPostprocessing = 0;
		};
		9232E5004649817EFC1C7583 /* Sources */ = {
			isa = PBXSourcesBuildPhase;
			buildActionMask = 2147483647;
			files = (
				D61886A03E751A38FEFB77CF /* LibreLoopCGMManager+UI.swift in Sources */,
				9EE43D380FF1A67C6315B345 /* LibreLoopUICoordinator.swift in Sources */,
				7247EBC9C21B8055244DA61F /* LibreLoopPairingProgressView.swift in Sources */,
				ECEAB225486741B19D23864F /* LibreLoopPairingViewModel.swift in Sources */,
				D8019CC64B1BD089ABA7C6C1 /* LibreLoopApplyHelpPagerView.swift in Sources */,
				E4AF5A6F05F439410DBD0F28 /* LibreLoopApplySensorView.swift in Sources */,
				C4B68CF26FE38EC2724D8077 /* LibreLoopLifecycleBar.swift in Sources */,
				3F1E30A538403582C0EED080 /* LibreLoopRecoveryView.swift in Sources */,
				A7FA5B7149EE0AACE9B25339 /* LibreLoopScanHelpPagerView.swift in Sources */,
				AFAF14B087D8EF6C855DD78D /* LibreLoopScanSensorView.swift in Sources */,
				BD2A6529B08EBE8634CF1747 /* LibreLoopSettingsView.swift in Sources */,
			);
			runOnlyForDeploymentPostprocessing = 0;
		};
/* End PBXSourcesBuildPhase section */

/* Begin PBXTargetDependency section */
		86D7A3A1D807249ED1D68FB1 /* PBXTargetDependency */ = {
			isa = PBXTargetDependency;
			name = LibreLoop;
			target = 2E11FF969F5354F073CAF606 /* LibreLoop */;
			targetProxy = 415945AB824EB14DF0DD0A95 /* PBXContainerItemProxy */;
		};
		BCB252CF3EEFE87A06A5F8C7 /* PBXTargetDependency */ = {
			isa = PBXTargetDependency;
			name = LibreLoop;
			target = 2E11FF969F5354F073CAF606 /* LibreLoop */;
			targetProxy = 182CF15BF31961B797BA2D80 /* PBXContainerItemProxy */;
		};
		F020E6DE708074D69EEE3273 /* PBXTargetDependency */ = {
			isa = PBXTargetDependency;
			name = LibreLoop;
			target = 2E11FF969F5354F073CAF606 /* LibreLoop */;
			targetProxy = 71B6ADE6B4C55A07280D2167 /* PBXContainerItemProxy */;
		};
		FF6BC1B7B73F5F60C8863ED1 /* PBXTargetDependency */ = {
			isa = PBXTargetDependency;
			name = LibreLoopUI;
			target = 0EF337E176B15EDAB5315033 /* LibreLoopUI */;
			targetProxy = 9C659EF9ADFEFA4B32057B75 /* PBXContainerItemProxy */;
		};
/* End PBXTargetDependency section */

/* Begin XCBuildConfiguration section */
		501FE16F92E905C58246D23F /* Release */ = {
			isa = XCBuildConfiguration;
			buildSettings = {
				CLANG_ENABLE_OBJC_WEAK = NO;
				CURRENT_PROJECT_VERSION = 1;
				DEFINES_MODULE = YES;
				DYLIB_COMPATIBILITY_VERSION = 1;
				DYLIB_CURRENT_VERSION = 1;
				DYLIB_INSTALL_NAME_BASE = "@rpath";
				GENERATE_INFOPLIST_FILE = YES;
				INFOPLIST_KEY_NSHumanReadableCopyright = "Copyright © 2026 LoopKit Authors. All rights reserved.";
				INSTALL_PATH = "$(LOCAL_LIBRARY_DIR)/Frameworks";
				IPHONEOS_DEPLOYMENT_TARGET = 17.0;
				LD_RUNPATH_SEARCH_PATHS = "$(inherited) @executable_path/Frameworks @loader_path/Frameworks";
				MARKETING_VERSION = 1.0;
				PRODUCT_BUNDLE_IDENTIFIER = org.loopkit.LibreLoop;
				PRODUCT_NAME = "$(TARGET_NAME:c99extidentifier)";
				SDKROOT = iphoneos;
				SKIP_INSTALL = YES;
				TARGETED_DEVICE_FAMILY = 1;
				VALIDATE_PRODUCT = YES;
				VERSIONING_SYSTEM = "apple-generic";
				VERSION_INFO_PREFIX = "";
			};
			name = Release;
		};
		5F2719E56F7BEE8D62E24178 /* Release */ = {
			isa = XCBuildConfiguration;
			buildSettings = {
				CLANG_ENABLE_OBJC_WEAK = NO;
				CURRENT_PROJECT_VERSION = 1;
				DEFINES_MODULE = YES;
				DYLIB_COMPATIBILITY_VERSION = 1;
				DYLIB_CURRENT_VERSION = 1;
				DYLIB_INSTALL_NAME_BASE = "@rpath";
				GENERATE_INFOPLIST_FILE = YES;
				INFOPLIST_KEY_NSHumanReadableCopyright = "Copyright © 2026 LoopKit Authors. All rights reserved.";
				INSTALL_PATH = "$(LOCAL_LIBRARY_DIR)/Frameworks";
				IPHONEOS_DEPLOYMENT_TARGET = 17.0;
				LD_RUNPATH_SEARCH_PATHS = "$(inherited) @executable_path/Frameworks @loader_path/Frameworks";
				MARKETING_VERSION = 1.0;
				PRODUCT_BUNDLE_IDENTIFIER = org.loopkit.LibreLoopUI;
				PRODUCT_NAME = "$(TARGET_NAME:c99extidentifier)";
				SDKROOT = iphoneos;
				SKIP_INSTALL = YES;
				TARGETED_DEVICE_FAMILY = 1;
				VALIDATE_PRODUCT = YES;
				VERSIONING_SYSTEM = "apple-generic";
				VERSION_INFO_PREFIX = "";
			};
			name = Release;
		};
		658143210FD7DB824BEA22EE /* Release */ = {
			isa = XCBuildConfiguration;
			buildSettings = {
				CLANG_ENABLE_OBJC_WEAK = NO;
				GENERATE_INFOPLIST_FILE = YES;
				IPHONEOS_DEPLOYMENT_TARGET = 17.0;
				LD_RUNPATH_SEARCH_PATHS = "$(inherited) @executable_path/Frameworks @loader_path/Frameworks";
				PRODUCT_BUNDLE_IDENTIFIER = org.loopkit.LibreLoopTests;
				PRODUCT_NAME = "$(TARGET_NAME)";
				SDKROOT = iphoneos;
				SWIFT_VERSION = 5.0;
				TARGETED_DEVICE_FAMILY = 1;
				VALIDATE_PRODUCT = YES;
			};
			name = Release;
		};
		ADC9400715781532A59AF128 /* Debug */ = {
			isa = XCBuildConfiguration;
			buildSettings = {
				CLANG_ENABLE_OBJC_WEAK = NO;
				CURRENT_PROJECT_VERSION = 1;
				DEFINES_MODULE = YES;
				DYLIB_COMPATIBILITY_VERSION = 1;
				DYLIB_CURRENT_VERSION = 1;
				DYLIB_INSTALL_NAME_BASE = "@rpath";
				GENERATE_INFOPLIST_FILE = YES;
				INFOPLIST_KEY_NSHumanReadableCopyright = "Copyright © 2026 LoopKit Authors. All rights reserved.";
				INSTALL_PATH = "$(LOCAL_LIBRARY_DIR)/Frameworks";
				IPHONEOS_DEPLOYMENT_TARGET = 17.0;
				LD_RUNPATH_SEARCH_PATHS = "$(inherited) @executable_path/Frameworks @loader_path/Frameworks";
				MARKETING_VERSION = 1.0;
				PRODUCT_BUNDLE_IDENTIFIER = org.loopkit.LibreLoop;
				PRODUCT_NAME = "$(TARGET_NAME:c99extidentifier)";
				SDKROOT = iphoneos;
				SKIP_INSTALL = YES;
				TARGETED_DEVICE_FAMILY = 1;
				VERSIONING_SYSTEM = "apple-generic";
				VERSION_INFO_PREFIX = "";
			};
			name = Debug;
		};
		B2B05F1A5F1F41A8FCD1C50E /* Debug */ = {
			isa = XCBuildConfiguration;
			buildSettings = {
				CLANG_ENABLE_OBJC_WEAK = NO;
				GENERATE_INFOPLIST_FILE = YES;
				IPHONEOS_DEPLOYMENT_TARGET = 17.0;
				LD_RUNPATH_SEARCH_PATHS = "$(inherited) @executable_path/Frameworks @loader_path/Frameworks";
				PRODUCT_BUNDLE_IDENTIFIER = org.loopkit.LibreLoopTests;
				PRODUCT_NAME = "$(TARGET_NAME)";
				SDKROOT = iphoneos;
				SWIFT_VERSION = 5.0;
				TARGETED_DEVICE_FAMILY = 1;
			};
			name = Debug;
		};
		B3558A6038A5FE7E4258ABF7 /* Debug */ = {
			isa = XCBuildConfiguration;
			buildSettings = {
				ALWAYS_SEARCH_USER_PATHS = NO;
				CLANG_ANALYZER_NONNULL = YES;
				CLANG_ANALYZER_NUMBER_OBJECT_CONVERSION = YES_AGGRESSIVE;
				CLANG_CXX_LANGUAGE_STANDARD = "gnu++20";
				CLANG_CXX_LIBRARY = "libc++";
				CLANG_ENABLE_MODULES = YES;
				CLANG_ENABLE_OBJC_ARC = YES;
				CLANG_ENABLE_OBJC_WEAK = YES;
				CLANG_WARN_BLOCK_CAPTURE_AUTORELEASING = YES;
				CLANG_WARN_BOOL_CONVERSION = YES;
				CLANG_WARN_COMMA = YES;
				CLANG_WARN_CONSTANT_CONVERSION = YES;
				CLANG_WARN_DEPRECATED_OBJC_IMPLEMENTATIONS = YES;
				CLANG_WARN_DIRECT_OBJC_ISA_USAGE = YES_ERROR;
				CLANG_WARN_DOCUMENTATION_COMMENTS = YES;
				CLANG_WARN_EMPTY_BODY = YES;
				CLANG_WARN_ENUM_CONVERSION = YES;
				CLANG_WARN_INFINITE_RECURSION = YES;
				CLANG_WARN_INT_CONVERSION = YES;
				CLANG_WARN_NON_LITERAL_NULL_CONVERSION = YES;
				CLANG_WARN_OBJC_IMPLICIT_RETAIN_SELF = YES;
				CLANG_WARN_OBJC_LITERAL_CONVERSION = YES;
				CLANG_WARN_OBJC_ROOT_CLASS = YES_ERROR;
				CLANG_WARN_QUOTED_INCLUDE_IN_FRAMEWORK_HEADER = YES;
				CLANG_WARN_RANGE_LOOP_ANALYSIS = YES;
				CLANG_WARN_STRICT_PROTOTYPES = YES;
				CLANG_WARN_SUSPICIOUS_MOVE = YES;
				CLANG_WARN_UNGUARDED_AVAILABILITY = YES_AGGRESSIVE;
				CLANG_WARN_UNREACHABLE_CODE = YES;
				CLANG_WARN__DUPLICATE_METHOD_MATCH = YES;
				COPY_PHASE_STRIP = NO;
				CURRENT_PROJECT_VERSION = 1;
				DEBUG_INFORMATION_FORMAT = dwarf;
				ENABLE_NS_ASSERTIONS = YES;
				ENABLE_STRICT_OBJC_MSGSEND = YES;
				ENABLE_TESTABILITY = YES;
				GCC_C_LANGUAGE_STANDARD = gnu11;
				GCC_DYNAMIC_NO_PIC = NO;
				GCC_NO_COMMON_BLOCKS = YES;
				GCC_OPTIMIZATION_LEVEL = 0;
				GCC_PREPROCESSOR_DEFINITIONS = (
					"DEBUG=1",
					"$(inherited)",
				);
				GCC_WARN_64_TO_32_BIT_CONVERSION = YES;
				GCC_WARN_ABOUT_RETURN_TYPE = YES_ERROR;
				GCC_WARN_UNDECLARED_SELECTOR = YES;
				GCC_WARN_UNINITIALIZED_AUTOS = YES_AGGRESSIVE;
				GCC_WARN_UNUSED_FUNCTION = YES;
				GCC_WARN_UNUSED_VARIABLE = YES;
				IPHONEOS_DEPLOYMENT_TARGET = 17.0;
				LOCALIZATION_PREFERS_STRING_CATALOGS = YES;
				LOCALIZED_STRING_MACRO_NAMES = "NSLocalizedString CFCopyLocalizedString LocalizedString";
				MTL_ENABLE_DEBUG_INFO = INCLUDE_SOURCE;
				MTL_FAST_MATH = YES;
				ONLY_ACTIVE_ARCH = YES;
				PRODUCT_NAME = "$(TARGET_NAME)";
				SWIFT_ACTIVE_COMPILATION_CONDITIONS = DEBUG;
				SWIFT_OPTIMIZATION_LEVEL = "-Onone";
				SWIFT_VERSION = 5.0;
				VERSIONING_SYSTEM = "apple-generic";
				VERSION_INFO_PREFIX = "";
			};
			name = Debug;
		};
		CB6EBACC7305CD95344D6D9C /* Debug */ = {
			isa = XCBuildConfiguration;
			buildSettings = {
				CLANG_ENABLE_OBJC_WEAK = NO;
				CURRENT_PROJECT_VERSION = 1;
				DEFINES_MODULE = YES;
				DYLIB_COMPATIBILITY_VERSION = 1;
				DYLIB_CURRENT_VERSION = 1;
				DYLIB_INSTALL_NAME_BASE = "@rpath";
				GENERATE_INFOPLIST_FILE = YES;
				INFOPLIST_KEY_NSHumanReadableCopyright = "Copyright © 2026 LoopKit Authors. All rights reserved.";
				INSTALL_PATH = "$(LOCAL_LIBRARY_DIR)/Frameworks";
				IPHONEOS_DEPLOYMENT_TARGET = 17.0;
				LD_RUNPATH_SEARCH_PATHS = "$(inherited) @executable_path/Frameworks @loader_path/Frameworks";
				MARKETING_VERSION = 1.0;
				PRODUCT_BUNDLE_IDENTIFIER = org.loopkit.LibreLoopUI;
				PRODUCT_NAME = "$(TARGET_NAME:c99extidentifier)";
				SDKROOT = iphoneos;
				SKIP_INSTALL = YES;
				TARGETED_DEVICE_FAMILY = 1;
				VERSIONING_SYSTEM = "apple-generic";
				VERSION_INFO_PREFIX = "";
			};
			name = Debug;
		};
		CF66D232C59C4E75F7C3576A /* Release */ = {
			isa = XCBuildConfiguration;
			buildSettings = {
				CLANG_ENABLE_OBJC_WEAK = NO;
				CURRENT_PROJECT_VERSION = 1;
				DEFINES_MODULE = NO;
				DYLIB_COMPATIBILITY_VERSION = 1;
				DYLIB_CURRENT_VERSION = 1;
				DYLIB_INSTALL_NAME_BASE = "@rpath";
				GENERATE_INFOPLIST_FILE = NO;
				INFOPLIST_FILE = LibreLoopPlugin/Info.plist;
				INFOPLIST_KEY_NSHumanReadableCopyright = "Copyright © 2026 LoopKit Authors. All rights reserved.";
				INSTALL_PATH = "$(LOCAL_LIBRARY_DIR)/Frameworks";
				IPHONEOS_DEPLOYMENT_TARGET = 17.0;
				LD_RUNPATH_SEARCH_PATHS = "$(inherited) @executable_path/Frameworks @loader_path/Frameworks";
				MARKETING_VERSION = 1.0;
				PRODUCT_BUNDLE_IDENTIFIER = org.loopkit.LibreLoopPlugin;
				PRODUCT_NAME = "$(TARGET_NAME:c99extidentifier)";
				SDKROOT = iphoneos;
				SKIP_INSTALL = YES;
				TARGETED_DEVICE_FAMILY = 1;
				VALIDATE_PRODUCT = YES;
				VERSIONING_SYSTEM = "apple-generic";
				VERSION_INFO_PREFIX = "";
				WRAPPER_EXTENSION = loopplugin;
			};
			name = Release;
		};
		D1EB08C1112F352B552A6128 /* Debug */ = {
			isa = XCBuildConfiguration;
			buildSettings = {
				CLANG_ENABLE_OBJC_WEAK = NO;
				CURRENT_PROJECT_VERSION = 1;
				DEFINES_MODULE = NO;
				DYLIB_COMPATIBILITY_VERSION = 1;
				DYLIB_CURRENT_VERSION = 1;
				DYLIB_INSTALL_NAME_BASE = "@rpath";
				GENERATE_INFOPLIST_FILE = NO;
				INFOPLIST_FILE = LibreLoopPlugin/Info.plist;
				INFOPLIST_KEY_NSHumanReadableCopyright = "Copyright © 2026 LoopKit Authors. All rights reserved.";
				INSTALL_PATH = "$(LOCAL_LIBRARY_DIR)/Frameworks";
				IPHONEOS_DEPLOYMENT_TARGET = 17.0;
				LD_RUNPATH_SEARCH_PATHS = "$(inherited) @executable_path/Frameworks @loader_path/Frameworks";
				MARKETING_VERSION = 1.0;
				PRODUCT_BUNDLE_IDENTIFIER = org.loopkit.LibreLoopPlugin;
				PRODUCT_NAME = "$(TARGET_NAME:c99extidentifier)";
				SDKROOT = iphoneos;
				SKIP_INSTALL = YES;
				TARGETED_DEVICE_FAMILY = 1;
				VERSIONING_SYSTEM = "apple-generic";
				VERSION_INFO_PREFIX = "";
				WRAPPER_EXTENSION = loopplugin;
			};
			name = Debug;
		};
		D2E432C27AA3B9AC1EE0C2C7 /* Release */ = {
			isa = XCBuildConfiguration;
			buildSettings = {
				ALWAYS_SEARCH_USER_PATHS = NO;
				CLANG_ANALYZER_NONNULL = YES;
				CLANG_ANALYZER_NUMBER_OBJECT_CONVERSION = YES_AGGRESSIVE;
				CLANG_CXX_LANGUAGE_STANDARD = "gnu++20";
				CLANG_CXX_LIBRARY = "libc++";
				CLANG_ENABLE_MODULES = YES;
				CLANG_ENABLE_OBJC_ARC = YES;
				CLANG_ENABLE_OBJC_WEAK = YES;
				CLANG_WARN_BLOCK_CAPTURE_AUTORELEASING = YES;
				CLANG_WARN_BOOL_CONVERSION = YES;
				CLANG_WARN_COMMA = YES;
				CLANG_WARN_CONSTANT_CONVERSION = YES;
				CLANG_WARN_DEPRECATED_OBJC_IMPLEMENTATIONS = YES;
				CLANG_WARN_DIRECT_OBJC_ISA_USAGE = YES_ERROR;
				CLANG_WARN_DOCUMENTATION_COMMENTS = YES;
				CLANG_WARN_EMPTY_BODY = YES;
				CLANG_WARN_ENUM_CONVERSION = YES;
				CLANG_WARN_INFINITE_RECURSION = YES;
				CLANG_WARN_INT_CONVERSION = YES;
				CLANG_WARN_NON_LITERAL_NULL_CONVERSION = YES;
				CLANG_WARN_OBJC_IMPLICIT_RETAIN_SELF = YES;
				CLANG_WARN_OBJC_LITERAL_CONVERSION = YES;
				CLANG_WARN_OBJC_ROOT_CLASS = YES_ERROR;
				CLANG_WARN_QUOTED_INCLUDE_IN_FRAMEWORK_HEADER = YES;
				CLANG_WARN_RANGE_LOOP_ANALYSIS = YES;
				CLANG_WARN_STRICT_PROTOTYPES = YES;
				CLANG_WARN_SUSPICIOUS_MOVE = YES;
				CLANG_WARN_UNGUARDED_AVAILABILITY = YES_AGGRESSIVE;
				CLANG_WARN_UNREACHABLE_CODE = YES;
				CLANG_WARN__DUPLICATE_METHOD_MATCH = YES;
				COPY_PHASE_STRIP = NO;
				CURRENT_PROJECT_VERSION = 1;
				DEBUG_INFORMATION_FORMAT = "dwarf-with-dsym";
				ENABLE_NS_ASSERTIONS = NO;
				ENABLE_STRICT_OBJC_MSGSEND = YES;
				GCC_C_LANGUAGE_STANDARD = gnu11;
				GCC_NO_COMMON_BLOCKS = YES;
				GCC_WARN_64_TO_32_BIT_CONVERSION = YES;
				GCC_WARN_ABOUT_RETURN_TYPE = YES_ERROR;
				GCC_WARN_UNDECLARED_SELECTOR = YES;
				GCC_WARN_UNINITIALIZED_AUTOS = YES_AGGRESSIVE;
				GCC_WARN_UNUSED_FUNCTION = YES;
				GCC_WARN_UNUSED_VARIABLE = YES;
				IPHONEOS_DEPLOYMENT_TARGET = 17.0;
				LOCALIZATION_PREFERS_STRING_CATALOGS = YES;
				LOCALIZED_STRING_MACRO_NAMES = "NSLocalizedString CFCopyLocalizedString LocalizedString";
				MTL_ENABLE_DEBUG_INFO = NO;
				MTL_FAST_MATH = YES;
				PRODUCT_NAME = "$(TARGET_NAME)";
				SWIFT_COMPILATION_MODE = wholemodule;
				SWIFT_OPTIMIZATION_LEVEL = "-O";
				SWIFT_VERSION = 5.0;
				VALIDATE_PRODUCT = YES;
				VERSIONING_SYSTEM = "apple-generic";
				VERSION_INFO_PREFIX = "";
			};
			name = Release;
		};
/* End XCBuildConfiguration section */

/* Begin XCConfigurationList section */
		1A07A00CEAF44AA2BD55616E /* Build configuration list for PBXNativeTarget "LibreLoop" */ = {
			isa = XCConfigurationList;
			buildConfigurations = (
				501FE16F92E905C58246D23F /* Release */,
				ADC9400715781532A59AF128 /* Debug */,
			);
			defaultConfigurationIsVisible = 0;
			defaultConfigurationName = Release;
		};
		52B2B8EA8EAF13481AB141A6 /* Build configuration list for PBXNativeTarget "LibreLoopPlugin" */ = {
			isa = XCConfigurationList;
			buildConfigurations = (
				CF66D232C59C4E75F7C3576A /* Release */,
				D1EB08C1112F352B552A6128 /* Debug */,
			);
			defaultConfigurationIsVisible = 0;
			defaultConfigurationName = Release;
		};
		58E9883618E2F0FBD66B55AD /* Build configuration list for PBXProject "LibreLoop" */ = {
			isa = XCConfigurationList;
			buildConfigurations = (
				B3558A6038A5FE7E4258ABF7 /* Debug */,
				D2E432C27AA3B9AC1EE0C2C7 /* Release */,
			);
			defaultConfigurationIsVisible = 0;
			defaultConfigurationName = Release;
		};
		61382A633AFB9293ED867B8B /* Build configuration list for PBXNativeTarget "LibreLoopUI" */ = {
			isa = XCConfigurationList;
			buildConfigurations = (
				5F2719E56F7BEE8D62E24178 /* Release */,
				CB6EBACC7305CD95344D6D9C /* Debug */,
			);
			defaultConfigurationIsVisible = 0;
			defaultConfigurationName = Release;
		};
		B33CEED7C7FE34A93D7D25A8 /* Build configuration list for PBXNativeTarget "LibreLoopTests" */ = {
			isa = XCConfigurationList;
			buildConfigurations = (
				658143210FD7DB824BEA22EE /* Release */,
				B2B05F1A5F1F41A8FCD1C50E /* Debug */,
			);
			defaultConfigurationIsVisible = 0;
			defaultConfigurationName = Release;
		};
/* End XCConfigurationList section */

/* Begin XCRemoteSwiftPackageReference section */
		876CB74FEB0968195FBBCA1B /* XCRemoteSwiftPackageReference "LibreCRKit" */ = {
			isa = XCRemoteSwiftPackageReference;
			repositoryURL = "https://github.com/loopkitdev/LibreCRKit.git";
			requirement = {
				kind = revision;
				revision = 51be6941f0b97a914517d2a8d030c52c6231f797;
			};
		};
/* End XCRemoteSwiftPackageReference section */

/* Begin XCSwiftPackageProductDependency section */
		D2E1876D7906FA4E367BA61E /* LibreCRKit */ = {
			isa = XCSwiftPackageProductDependency;
			package = 876CB74FEB0968195FBBCA1B /* XCRemoteSwiftPackageReference "LibreCRKit" */;
			productName = LibreCRKit;
		};
/* End XCSwiftPackageProductDependency section */
	};
	rootObject = A8B9E5EA15D5E989448C6B35 /* Project object */;
}
