{
  "originHash" : "81cc9aefffe5df833cec0e3f4d4db42268bf0b3f14788633798394959b7a010a",
  "pins" : [
    {
      "identity" : "librecrkit",
      "kind" : "remoteSourceControl",
      "location" : "https://github.com/airedev326/LibreCRKit.git",
      "state" : {
        "revision" : "45a892d46e1e86d893db18a9f79be5ac6ac0ef3f"
      }
    }
  ],
  "version" : 3
}
