{
  "originHash" : "a42e597317a797447cc28dbf2e020cf040bbfa45dbc21bd89fb77c9cbd4381fc",
  "pins" : [
    {
      "identity" : "roundwhitedisckit",
      "kind" : "remoteSourceControl",
      "location" : "https://github.com/airedev326/RoundWhiteDiscKit.git",
      "state" : {
        "revision" : "e4092162bc051a168f0a209288c6903b655d2e6a"
      }
    }
  ],
  "version" : 3
}
